// !$*UTF8*$!
{
	archiveVersion = 1;
	classes = {
	};
	objectVersion = 46;
	objects = {

/* Begin PBXBuildFile section */
		181A66311D34A58500ABDE29 /* OrderModel.m in Sources */ = {isa = PBXBuildFile; fileRef = 181A66301D34A58500ABDE29 /* OrderModel.m */; };
		181A66341D34A59700ABDE29 /* OrderCell.m in Sources */ = {isa = PBXBuildFile; fileRef = 181A66331D34A59700ABDE29 /* OrderCell.m */; };
		181A66371D34AF5800ABDE29 /* OrderGoodsCell.m in Sources */ = {isa = PBXBuildFile; fileRef = 181A66361D34AF5800ABDE29 /* OrderGoodsCell.m */; };
		181A663A1D34B6C500ABDE29 /* OrderItem.m in Sources */ = {isa = PBXBuildFile; fileRef = 181A66391D34B6C500ABDE29 /* OrderItem.m */; };
		181A663D1D35015100ABDE29 /* OrderDetailViewController.m in Sources */ = {isa = PBXBuildFile; fileRef = 181A663C1D35015100ABDE29 /* OrderDetailViewController.m */; };
		181A66401D3502F300ABDE29 /* OrderDetailCell.m in Sources */ = {isa = PBXBuildFile; fileRef = 181A663F1D3502F300ABDE29 /* OrderDetailCell.m */; };
		18293A041D339223003ACD40 /* AppDelegate+KeyboardManager.m in Sources */ = {isa = PBXBuildFile; fileRef = 18293A031D339223003ACD40 /* AppDelegate+KeyboardManager.m */; };
		18730A811D2F684900A0BF35 /* LoginViewController.m in Sources */ = {isa = PBXBuildFile; fileRef = 18730A801D2F684900A0BF35 /* LoginViewController.m */; };
		18730A871D2F685700A0BF35 /* RegisterViewController.m in Sources */ = {isa = PBXBuildFile; fileRef = 18730A841D2F685700A0BF35 /* RegisterViewController.m */; };
		18730A881D2F685700A0BF35 /* VerificationViewController.m in Sources */ = {isa = PBXBuildFile; fileRef = 18730A861D2F685700A0BF35 /* VerificationViewController.m */; };
		18730A8E1D2F686500A0BF35 /* ForgetPasswordViewController.m in Sources */ = {isa = PBXBuildFile; fileRef = 18730A8B1D2F686500A0BF35 /* ForgetPasswordViewController.m */; };
		18730A8F1D2F686500A0BF35 /* VerifyViewController.m in Sources */ = {isa = PBXBuildFile; fileRef = 18730A8D1D2F686500A0BF35 /* VerifyViewController.m */; };
		18730A941D2F688900A0BF35 /* MyMessageViewController.m in Sources */ = {isa = PBXBuildFile; fileRef = 18730A931D2F688900A0BF35 /* MyMessageViewController.m */; };
		18730A9D1D2F68A300A0BF35 /* AccountViewController.m in Sources */ = {isa = PBXBuildFile; fileRef = 18730A961D2F68A300A0BF35 /* AccountViewController.m */; };
		18730A9E1D2F68A300A0BF35 /* ContactUsViewController.m in Sources */ = {isa = PBXBuildFile; fileRef = 18730A981D2F68A300A0BF35 /* ContactUsViewController.m */; };
		18730A9F1D2F68A300A0BF35 /* FeedBackViewController.m in Sources */ = {isa = PBXBuildFile; fileRef = 18730A9A1D2F68A300A0BF35 /* FeedBackViewController.m */; };
		18730AA01D2F68A300A0BF35 /* ChangePassWordViewController.m in Sources */ = {isa = PBXBuildFile; fileRef = 18730A9C1D2F68A300A0BF35 /* ChangePassWordViewController.m */; };
		18730AA71D2F68B800A0BF35 /* UserInfoViewController.m in Sources */ = {isa = PBXBuildFile; fileRef = 18730AA21D2F68B800A0BF35 /* UserInfoViewController.m */; };
		18730AA81D2F68B800A0BF35 /* IntroductionViewController.m in Sources */ = {isa = PBXBuildFile; fileRef = 18730AA41D2F68B800A0BF35 /* IntroductionViewController.m */; };
		18730AA91D2F68B800A0BF35 /* GeneralTextFiledViewController.m in Sources */ = {isa = PBXBuildFile; fileRef = 18730AA61D2F68B800A0BF35 /* GeneralTextFiledViewController.m */; };
		18730AAD1D2F68D900A0BF35 /* MessageModel.m in Sources */ = {isa = PBXBuildFile; fileRef = 18730AAC1D2F68D900A0BF35 /* MessageModel.m */; };
		18730AB01D2F68E000A0BF35 /* MessageTableViewCell.m in Sources */ = {isa = PBXBuildFile; fileRef = 18730AAF1D2F68E000A0BF35 /* MessageTableViewCell.m */; };
		18730AB51D2F691A00A0BF35 /* SingleManage.m in Sources */ = {isa = PBXBuildFile; fileRef = 18730AB21D2F691A00A0BF35 /* SingleManage.m */; };
		18730AB61D2F691A00A0BF35 /* Config.m in Sources */ = {isa = PBXBuildFile; fileRef = 18730AB41D2F691A00A0BF35 /* Config.m */; };
		18730AB91D2F694600A0BF35 /* CustomTextField.m in Sources */ = {isa = PBXBuildFile; fileRef = 18730AB81D2F694600A0BF35 /* CustomTextField.m */; };
		18730ABC1D2F69AE00A0BF35 /* TimeTool.m in Sources */ = {isa = PBXBuildFile; fileRef = 18730ABB1D2F69AE00A0BF35 /* TimeTool.m */; };
		18730ABF1D2F6CD900A0BF35 /* PooCodeView.m in Sources */ = {isa = PBXBuildFile; fileRef = 18730ABE1D2F6CD900A0BF35 /* PooCodeView.m */; };
		18922B1D1D372FB300B82890 /* ShopsCell.m in Sources */ = {isa = PBXBuildFile; fileRef = 18922B1A1D372FB300B82890 /* ShopsCell.m */; };
		18922B1E1D372FB300B82890 /* ShopsTitle.m in Sources */ = {isa = PBXBuildFile; fileRef = 18922B1C1D372FB300B82890 /* ShopsTitle.m */; };
		18922B231D372FCF00B82890 /* ShopsModel.m in Sources */ = {isa = PBXBuildFile; fileRef = 18922B221D372FCF00B82890 /* ShopsModel.m */; };
		18922B261D372FEE00B82890 /* ShopsAllViewController.m in Sources */ = {isa = PBXBuildFile; fileRef = 18922B251D372FEE00B82890 /* ShopsAllViewController.m */; };
		18922B291D37311900B82890 /* AppDelegate+Request.m in Sources */ = {isa = PBXBuildFile; fileRef = 18922B281D37311900B82890 /* AppDelegate+Request.m */; };
		18B483E31D2E19C7001703C0 /* main.m in Sources */ = {isa = PBXBuildFile; fileRef = 18B483E21D2E19C7001703C0 /* main.m */; };
		18B483E61D2E19C7001703C0 /* AppDelegate.m in Sources */ = {isa = PBXBuildFile; fileRef = 18B483E51D2E19C7001703C0 /* AppDelegate.m */; };
		18B483E91D2E19C7001703C0 /* ViewController.m in Sources */ = {isa = PBXBuildFile; fileRef = 18B483E81D2E19C7001703C0 /* ViewController.m */; };
		18B483EC1D2E19C7001703C0 /* Main.storyboard in Resources */ = {isa = PBXBuildFile; fileRef = 18B483EA1D2E19C7001703C0 /* Main.storyboard */; };
		18B483EE1D2E19C7001703C0 /* Assets.xcassets in Resources */ = {isa = PBXBuildFile; fileRef = 18B483ED1D2E19C7001703C0 /* Assets.xcassets */; };
		18B483F11D2E19C7001703C0 /* LaunchScreen.storyboard in Resources */ = {isa = PBXBuildFile; fileRef = 18B483EF1D2E19C7001703C0 /* LaunchScreen.storyboard */; };
		18B483FC1D2E19C7001703C0 /* sybTests.m in Sources */ = {isa = PBXBuildFile; fileRef = 18B483FB1D2E19C7001703C0 /* sybTests.m */; };
		18B484071D2E19C7001703C0 /* sybUITests.m in Sources */ = {isa = PBXBuildFile; fileRef = 18B484061D2E19C7001703C0 /* sybUITests.m */; };
		18B4841D1D2E1DF1001703C0 /* OpenUDID.m in Sources */ = {isa = PBXBuildFile; fileRef = 18B4841C1D2E1DF1001703C0 /* OpenUDID.m */; settings = {COMPILER_FLAGS = "-fno-objc-arc"; }; };
		18B484231D2E1E24001703C0 /* HDHud.m in Sources */ = {isa = PBXBuildFile; fileRef = 18B484221D2E1E24001703C0 /* HDHud.m */; };
		18B484251D2E2183001703C0 /* Podfile in Resources */ = {isa = PBXBuildFile; fileRef = 18B484241D2E2183001703C0 /* Podfile */; };
		18B484281D2E2307001703C0 /* GXHttpRequest.m in Sources */ = {isa = PBXBuildFile; fileRef = 18B484271D2E2307001703C0 /* GXHttpRequest.m */; };
		18B4842D1D2E2404001703C0 /* BaseCell.m in Sources */ = {isa = PBXBuildFile; fileRef = 18B4842C1D2E2404001703C0 /* BaseCell.m */; };
		18B484321D2E247F001703C0 /* BaseViewController.m in Sources */ = {isa = PBXBuildFile; fileRef = 18B484311D2E247F001703C0 /* BaseViewController.m */; };
		18B484371D2E24A7001703C0 /* BKNodataView.m in Sources */ = {isa = PBXBuildFile; fileRef = 18B484361D2E24A7001703C0 /* BKNodataView.m */; };
		18B4843A1D2E24AD001703C0 /* BKNoNetView.m in Sources */ = {isa = PBXBuildFile; fileRef = 18B484391D2E24AD001703C0 /* BKNoNetView.m */; };
		18B4843F1D2E24C2001703C0 /* BKTabBarItem.m in Sources */ = {isa = PBXBuildFile; fileRef = 18B4843C1D2E24C2001703C0 /* BKTabBarItem.m */; };
		18B484401D2E24C2001703C0 /* BaseTabBarController.m in Sources */ = {isa = PBXBuildFile; fileRef = 18B4843E1D2E24C2001703C0 /* BaseTabBarController.m */; };
		18B4844A1D2E25FA001703C0 /* HomePageViewController.m in Sources */ = {isa = PBXBuildFile; fileRef = 18B484491D2E25FA001703C0 /* HomePageViewController.m */; };
		18B4844D1D2E2603001703C0 /* GoodsViewController.m in Sources */ = {isa = PBXBuildFile; fileRef = 18B4844C1D2E2603001703C0 /* GoodsViewController.m */; };
		18B484501D2E260C001703C0 /* ShopsViewController.m in Sources */ = {isa = PBXBuildFile; fileRef = 18B4844F1D2E260C001703C0 /* ShopsViewController.m */; };
		18B484531D2E2618001703C0 /* ShiYongBaoViewController.m in Sources */ = {isa = PBXBuildFile; fileRef = 18B484521D2E2618001703C0 /* ShiYongBaoViewController.m */; };
		18B484561D2E2623001703C0 /* CartViewController.m in Sources */ = {isa = PBXBuildFile; fileRef = 18B484551D2E2623001703C0 /* CartViewController.m */; };
		18B484591D2E262D001703C0 /* MeViewController.m in Sources */ = {isa = PBXBuildFile; fileRef = 18B484581D2E262D001703C0 /* MeViewController.m */; };
		18B4845D1D2E2A2B001703C0 /* UserDefaultsUtils.m in Sources */ = {isa = PBXBuildFile; fileRef = 18B4845C1D2E2A2B001703C0 /* UserDefaultsUtils.m */; };
		18B484971D2E2A5B001703C0 /* UIImage+Additional.m in Sources */ = {isa = PBXBuildFile; fileRef = 18B484601D2E2A5B001703C0 /* UIImage+Additional.m */; };
		18B484981D2E2A5B001703C0 /* UIView+Additional.m in Sources */ = {isa = PBXBuildFile; fileRef = 18B484621D2E2A5B001703C0 /* UIView+Additional.m */; };
		18B484991D2E2A5B001703C0 /* UILabel+Additional.m in Sources */ = {isa = PBXBuildFile; fileRef = 18B484641D2E2A5B001703C0 /* UILabel+Additional.m */; };
		18B4849A1D2E2A5B001703C0 /* UIButton+Addtional.m in Sources */ = {isa = PBXBuildFile; fileRef = 18B484661D2E2A5B001703C0 /* UIButton+Addtional.m */; };
		18B4849B1D2E2A5B001703C0 /* NSString+MD5.m in Sources */ = {isa = PBXBuildFile; fileRef = 18B484681D2E2A5B001703C0 /* NSString+MD5.m */; };
		18B4849C1D2E2A5B001703C0 /* NSString+Validation.m in Sources */ = {isa = PBXBuildFile; fileRef = 18B4846A1D2E2A5B001703C0 /* NSString+Validation.m */; };
		18B4849D1D2E2A5B001703C0 /* AnimateTools.m in Sources */ = {isa = PBXBuildFile; fileRef = 18B4846C1D2E2A5B001703C0 /* AnimateTools.m */; };
		18B4849E1D2E2A5B001703C0 /* NSDate+Additions.m in Sources */ = {isa = PBXBuildFile; fileRef = 18B4846E1D2E2A5B001703C0 /* NSDate+Additions.m */; };
		18B4849F1D2E2A5B001703C0 /* NSDate+Category.m in Sources */ = {isa = PBXBuildFile; fileRef = 18B484701D2E2A5B001703C0 /* NSDate+Category.m */; };
		18B484A01D2E2A5B001703C0 /* NSDate+TimeInterval.m in Sources */ = {isa = PBXBuildFile; fileRef = 18B484721D2E2A5B001703C0 /* NSDate+TimeInterval.m */; };
		18B484A11D2E2A5B001703C0 /* NSDateFormatter+Category.m in Sources */ = {isa = PBXBuildFile; fileRef = 18B484741D2E2A5B001703C0 /* NSDateFormatter+Category.m */; };
		18B484A21D2E2A5B001703C0 /* NSString+Additions.m in Sources */ = {isa = PBXBuildFile; fileRef = 18B484761D2E2A5B001703C0 /* NSString+Additions.m */; };
		18B484A31D2E2A5B001703C0 /* NSString+FontAwesome.m in Sources */ = {isa = PBXBuildFile; fileRef = 18B484781D2E2A5B001703C0 /* NSString+FontAwesome.m */; };
		18B484A41D2E2A5B001703C0 /* NSTimer+Addition.m in Sources */ = {isa = PBXBuildFile; fileRef = 18B4847A1D2E2A5B001703C0 /* NSTimer+Addition.m */; };
		18B484B21D2E2A5B001703C0 /* NSString+Binary.m in Sources */ = {isa = PBXBuildFile; fileRef = 18B484961D2E2A5B001703C0 /* NSString+Binary.m */; };
		18B484B61D2E2B3B001703C0 /* BKHelper.m in Sources */ = {isa = PBXBuildFile; fileRef = 18B484B51D2E2B3B001703C0 /* BKHelper.m */; };
		18B484B91D2E324A001703C0 /* SybSession.m in Sources */ = {isa = PBXBuildFile; fileRef = 18B484B81D2E324A001703C0 /* SybSession.m */; };
		18B484C01D2E411A001703C0 /* brandModel.m in Sources */ = {isa = PBXBuildFile; fileRef = 18B484BD1D2E411A001703C0 /* brandModel.m */; };
		18B484C11D2E411A001703C0 /* good320Model.m in Sources */ = {isa = PBXBuildFile; fileRef = 18B484BF1D2E411A001703C0 /* good320Model.m */; };
		18B484C61D2E4122001703C0 /* BrandCell.m in Sources */ = {isa = PBXBuildFile; fileRef = 18B484C31D2E4122001703C0 /* BrandCell.m */; };
		18B484CA1D2E46CF001703C0 /* GoodsTableViewCell.m in Sources */ = {isa = PBXBuildFile; fileRef = 18B484C91D2E46CF001703C0 /* GoodsTableViewCell.m */; };
		18D34FB41D3398EC002CE8E0 /* SearchTextField.m in Sources */ = {isa = PBXBuildFile; fileRef = 18D34FA91D3398EC002CE8E0 /* SearchTextField.m */; };
		18D34FB51D3398EC002CE8E0 /* SearchViewController.m in Sources */ = {isa = PBXBuildFile; fileRef = 18D34FAB1D3398EC002CE8E0 /* SearchViewController.m */; };
		18D34FB71D3398EC002CE8E0 /* ShopSearchTableViewCell.m in Sources */ = {isa = PBXBuildFile; fileRef = 18D34FAF1D3398EC002CE8E0 /* ShopSearchTableViewCell.m */; };
		18D34FB81D3398EC002CE8E0 /* ShopsSearchModel.m in Sources */ = {isa = PBXBuildFile; fileRef = 18D34FB11D3398EC002CE8E0 /* ShopsSearchModel.m */; };
		18D34FB91D3398EC002CE8E0 /* ShopsSearchResultViewController.m in Sources */ = {isa = PBXBuildFile; fileRef = 18D34FB31D3398EC002CE8E0 /* ShopsSearchResultViewController.m */; };
		18D34FC31D339902002CE8E0 /* ChooseSearchTypeView.m in Sources */ = {isa = PBXBuildFile; fileRef = 18D34FBC1D339902002CE8E0 /* ChooseSearchTypeView.m */; };
		18D34FC41D339902002CE8E0 /* GoodsSearchModel.m in Sources */ = {isa = PBXBuildFile; fileRef = 18D34FBE1D339902002CE8E0 /* GoodsSearchModel.m */; };
		18D34FC51D339902002CE8E0 /* GoodsSearchResultViewController.m in Sources */ = {isa = PBXBuildFile; fileRef = 18D34FC01D339902002CE8E0 /* GoodsSearchResultViewController.m */; };
		18D34FC61D339902002CE8E0 /* GoodsSearchTableViewCell.m in Sources */ = {isa = PBXBuildFile; fileRef = 18D34FC21D339902002CE8E0 /* GoodsSearchTableViewCell.m */; };
		27A5254D4BF43A643375D457 /* libPods.a in Frameworks */ = {isa = PBXBuildFile; fileRef = 98E430D4CE5EF0097D81D5B5 /* libPods.a */; };
		D21EE7D21D320E56008AE0B7 /* MeHeaderLoginView.m in Sources */ = {isa = PBXBuildFile; fileRef = D21EE7D11D320E56008AE0B7 /* MeHeaderLoginView.m */; };
		D21EE7D51D320E6C008AE0B7 /* MeHeaderLogoutView.m in Sources */ = {isa = PBXBuildFile; fileRef = D21EE7D41D320E6C008AE0B7 /* MeHeaderLogoutView.m */; };
		D21EE7D91D322278008AE0B7 /* SybWebViewController.m in Sources */ = {isa = PBXBuildFile; fileRef = D21EE7D81D322278008AE0B7 /* SybWebViewController.m */; };
		D21EE7DD1D3225E7008AE0B7 /* MyOrderViewController.m in Sources */ = {isa = PBXBuildFile; fileRef = D21EE7DC1D3225E7008AE0B7 /* MyOrderViewController.m */; };
		D21EE7E01D3245CF008AE0B7 /* MyAttentionViewController.m in Sources */ = {isa = PBXBuildFile; fileRef = D21EE7DF1D3245CF008AE0B7 /* MyAttentionViewController.m */; };
		F259B66E1D37A088000410B3 /* UIView+Extension.m in Sources */ = {isa = PBXBuildFile; fileRef = F259B66D1D37A088000410B3 /* UIView+Extension.m */; };
		F259B67B1D37DD6C000410B3 /* MyIntegralViewController.m in Sources */ = {isa = PBXBuildFile; fileRef = F259B6791D37DD6C000410B3 /* MyIntegralViewController.m */; };
		F259B67C1D37DD6C000410B3 /* MyIntegralViewController.xib in Resources */ = {isa = PBXBuildFile; fileRef = F259B67A1D37DD6C000410B3 /* MyIntegralViewController.xib */; };
		F259B6801D37E1BE000410B3 /* BalanceOfPaymentsViewController.m in Sources */ = {isa = PBXBuildFile; fileRef = F259B67E1D37E1BE000410B3 /* BalanceOfPaymentsViewController.m */; };
		F259B6811D37E1BE000410B3 /* BalanceOfPaymentsViewController.xib in Resources */ = {isa = PBXBuildFile; fileRef = F259B67F1D37E1BE000410B3 /* BalanceOfPaymentsViewController.xib */; };
		F259B6851D37E592000410B3 /* BalanceOfPaymentTableViewCell.m in Sources */ = {isa = PBXBuildFile; fileRef = F259B6831D37E592000410B3 /* BalanceOfPaymentTableViewCell.m */; };
		F259B6861D37E592000410B3 /* BalanceOfPaymentTableViewCell.xib in Resources */ = {isa = PBXBuildFile; fileRef = F259B6841D37E592000410B3 /* BalanceOfPaymentTableViewCell.xib */; };
		F259B6891D37E5B2000410B3 /* BalanceOfPaymentModel.m in Sources */ = {isa = PBXBuildFile; fileRef = F259B6881D37E5B2000410B3 /* BalanceOfPaymentModel.m */; };
		F259B68D1D37ED39000410B3 /* CashingViewController.m in Sources */ = {isa = PBXBuildFile; fileRef = F259B68B1D37ED39000410B3 /* CashingViewController.m */; };
		F259B68E1D37ED39000410B3 /* CashingViewController.xib in Resources */ = {isa = PBXBuildFile; fileRef = F259B68C1D37ED39000410B3 /* CashingViewController.xib */; };
		F259B6951D380BC2000410B3 /* AddAccountViewController.m in Sources */ = {isa = PBXBuildFile; fileRef = F259B6931D380BC2000410B3 /* AddAccountViewController.m */; };
		F259B6961D380BC2000410B3 /* AddAccountViewController.xib in Resources */ = {isa = PBXBuildFile; fileRef = F259B6941D380BC2000410B3 /* AddAccountViewController.xib */; };
/* End PBXBuildFile section */

/* Begin PBXContainerItemProxy section */
		18B483F81D2E19C7001703C0 /* PBXContainerItemProxy */ = {
			isa = PBXContainerItemProxy;
			containerPortal = 18B483D61D2E19C7001703C0 /* Project object */;
			proxyType = 1;
			remoteGlobalIDString = 18B483DD1D2E19C7001703C0;
			remoteInfo = syb;
		};
		18B484031D2E19C7001703C0 /* PBXContainerItemProxy */ = {
			isa = PBXContainerItemProxy;
			containerPortal = 18B483D61D2E19C7001703C0 /* Project object */;
			proxyType = 1;
			remoteGlobalIDString = 18B483DD1D2E19C7001703C0;
			remoteInfo = syb;
		};
/* End PBXContainerItemProxy section */

/* Begin PBXFileReference section */
		181A662F1D34A58500ABDE29 /* OrderModel.h */ = {isa = PBXFileReference; fileEncoding = 4; lastKnownFileType = sourcecode.c.h; path = OrderModel.h; sourceTree = "<group>"; };
		181A66301D34A58500ABDE29 /* OrderModel.m */ = {isa = PBXFileReference; fileEncoding = 4; lastKnownFileType = sourcecode.c.objc; path = OrderModel.m; sourceTree = "<group>"; };
		181A66321D34A59700ABDE29 /* OrderCell.h */ = {isa = PBXFileReference; fileEncoding = 4; lastKnownFileType = sourcecode.c.h; path = OrderCell.h; sourceTree = "<group>"; };
		181A66331D34A59700ABDE29 /* OrderCell.m */ = {isa = PBXFileReference; fileEncoding = 4; lastKnownFileType = sourcecode.c.objc; path = OrderCell.m; sourceTree = "<group>"; };
		181A66351D34AF5800ABDE29 /* OrderGoodsCell.h */ = {isa = PBXFileReference; fileEncoding = 4; lastKnownFileType = sourcecode.c.h; path = OrderGoodsCell.h; sourceTree = "<group>"; };
		181A66361D34AF5800ABDE29 /* OrderGoodsCell.m */ = {isa = PBXFileReference; fileEncoding = 4; lastKnownFileType = sourcecode.c.objc; path = OrderGoodsCell.m; sourceTree = "<group>"; };
		181A66381D34B6C500ABDE29 /* OrderItem.h */ = {isa = PBXFileReference; fileEncoding = 4; lastKnownFileType = sourcecode.c.h; path = OrderItem.h; sourceTree = "<group>"; };
		181A66391D34B6C500ABDE29 /* OrderItem.m */ = {isa = PBXFileReference; fileEncoding = 4; lastKnownFileType = sourcecode.c.objc; path = OrderItem.m; sourceTree = "<group>"; };
		181A663B1D35015100ABDE29 /* OrderDetailViewController.h */ = {isa = PBXFileReference; fileEncoding = 4; lastKnownFileType = sourcecode.c.h; path = OrderDetailViewController.h; sourceTree = "<group>"; };
		181A663C1D35015100ABDE29 /* OrderDetailViewController.m */ = {isa = PBXFileReference; fileEncoding = 4; lastKnownFileType = sourcecode.c.objc; path = OrderDetailViewController.m; sourceTree = "<group>"; };
		181A663E1D3502F300ABDE29 /* OrderDetailCell.h */ = {isa = PBXFileReference; fileEncoding = 4; lastKnownFileType = sourcecode.c.h; path = OrderDetailCell.h; sourceTree = "<group>"; };
		181A663F1D3502F300ABDE29 /* OrderDetailCell.m */ = {isa = PBXFileReference; fileEncoding = 4; lastKnownFileType = sourcecode.c.objc; path = OrderDetailCell.m; sourceTree = "<group>"; };
		18293A021D339223003ACD40 /* AppDelegate+KeyboardManager.h */ = {isa = PBXFileReference; fileEncoding = 4; lastKnownFileType = sourcecode.c.h; path = "AppDelegate+KeyboardManager.h"; sourceTree = "<group>"; };
		18293A031D339223003ACD40 /* AppDelegate+KeyboardManager.m */ = {isa = PBXFileReference; fileEncoding = 4; lastKnownFileType = sourcecode.c.objc; path = "AppDelegate+KeyboardManager.m"; sourceTree = "<group>"; };
		18730A7F1D2F684900A0BF35 /* LoginViewController.h */ = {isa = PBXFileReference; fileEncoding = 4; lastKnownFileType = sourcecode.c.h; path = LoginViewController.h; sourceTree = "<group>"; };
		18730A801D2F684900A0BF35 /* LoginViewController.m */ = {isa = PBXFileReference; fileEncoding = 4; lastKnownFileType = sourcecode.c.objc; path = LoginViewController.m; sourceTree = "<group>"; };
		18730A831D2F685700A0BF35 /* RegisterViewController.h */ = {isa = PBXFileReference; fileEncoding = 4; lastKnownFileType = sourcecode.c.h; path = RegisterViewController.h; sourceTree = "<group>"; };
		18730A841D2F685700A0BF35 /* RegisterViewController.m */ = {isa = PBXFileReference; fileEncoding = 4; lastKnownFileType = sourcecode.c.objc; path = RegisterViewController.m; sourceTree = "<group>"; };
		18730A851D2F685700A0BF35 /* VerificationViewController.h */ = {isa = PBXFileReference; fileEncoding = 4; lastKnownFileType = sourcecode.c.h; path = VerificationViewController.h; sourceTree = "<group>"; };
		18730A861D2F685700A0BF35 /* VerificationViewController.m */ = {isa = PBXFileReference; fileEncoding = 4; lastKnownFileType = sourcecode.c.objc; path = VerificationViewController.m; sourceTree = "<group>"; };
		18730A8A1D2F686500A0BF35 /* ForgetPasswordViewController.h */ = {isa = PBXFileReference; fileEncoding = 4; lastKnownFileType = sourcecode.c.h; path = ForgetPasswordViewController.h; sourceTree = "<group>"; };
		18730A8B1D2F686500A0BF35 /* ForgetPasswordViewController.m */ = {isa = PBXFileReference; fileEncoding = 4; lastKnownFileType = sourcecode.c.objc; path = ForgetPasswordViewController.m; sourceTree = "<group>"; };
		18730A8C1D2F686500A0BF35 /* VerifyViewController.h */ = {isa = PBXFileReference; fileEncoding = 4; lastKnownFileType = sourcecode.c.h; path = VerifyViewController.h; sourceTree = "<group>"; };
		18730A8D1D2F686500A0BF35 /* VerifyViewController.m */ = {isa = PBXFileReference; fileEncoding = 4; lastKnownFileType = sourcecode.c.objc; path = VerifyViewController.m; sourceTree = "<group>"; };
		18730A921D2F688900A0BF35 /* MyMessageViewController.h */ = {isa = PBXFileReference; fileEncoding = 4; lastKnownFileType = sourcecode.c.h; path = MyMessageViewController.h; sourceTree = "<group>"; };
		18730A931D2F688900A0BF35 /* MyMessageViewController.m */ = {isa = PBXFileReference; fileEncoding = 4; lastKnownFileType = sourcecode.c.objc; path = MyMessageViewController.m; sourceTree = "<group>"; };
		18730A951D2F68A300A0BF35 /* AccountViewController.h */ = {isa = PBXFileReference; fileEncoding = 4; lastKnownFileType = sourcecode.c.h; path = AccountViewController.h; sourceTree = "<group>"; };
		18730A961D2F68A300A0BF35 /* AccountViewController.m */ = {isa = PBXFileReference; fileEncoding = 4; lastKnownFileType = sourcecode.c.objc; path = AccountViewController.m; sourceTree = "<group>"; };
		18730A971D2F68A300A0BF35 /* ContactUsViewController.h */ = {isa = PBXFileReference; fileEncoding = 4; lastKnownFileType = sourcecode.c.h; path = ContactUsViewController.h; sourceTree = "<group>"; };
		18730A981D2F68A300A0BF35 /* ContactUsViewController.m */ = {isa = PBXFileReference; fileEncoding = 4; lastKnownFileType = sourcecode.c.objc; path = ContactUsViewController.m; sourceTree = "<group>"; };
		18730A991D2F68A300A0BF35 /* FeedBackViewController.h */ = {isa = PBXFileReference; fileEncoding = 4; lastKnownFileType = sourcecode.c.h; path = FeedBackViewController.h; sourceTree = "<group>"; };
		18730A9A1D2F68A300A0BF35 /* FeedBackViewController.m */ = {isa = PBXFileReference; fileEncoding = 4; lastKnownFileType = sourcecode.c.objc; path = FeedBackViewController.m; sourceTree = "<group>"; };
		18730A9B1D2F68A300A0BF35 /* ChangePassWordViewController.h */ = {isa = PBXFileReference; fileEncoding = 4; lastKnownFileType = sourcecode.c.h; path = ChangePassWordViewController.h; sourceTree = "<group>"; };
		18730A9C1D2F68A300A0BF35 /* ChangePassWordViewController.m */ = {isa = PBXFileReference; fileEncoding = 4; lastKnownFileType = sourcecode.c.objc; path = ChangePassWordViewController.m; sourceTree = "<group>"; };
		18730AA11D2F68B800A0BF35 /* UserInfoViewController.h */ = {isa = PBXFileReference; fileEncoding = 4; lastKnownFileType = sourcecode.c.h; path = UserInfoViewController.h; sourceTree = "<group>"; };
		18730AA21D2F68B800A0BF35 /* UserInfoViewController.m */ = {isa = PBXFileReference; fileEncoding = 4; lastKnownFileType = sourcecode.c.objc; path = UserInfoViewController.m; sourceTree = "<group>"; };
		18730AA31D2F68B800A0BF35 /* IntroductionViewController.h */ = {isa = PBXFileReference; fileEncoding = 4; lastKnownFileType = sourcecode.c.h; path = IntroductionViewController.h; sourceTree = "<group>"; };
		18730AA41D2F68B800A0BF35 /* IntroductionViewController.m */ = {isa = PBXFileReference; fileEncoding = 4; lastKnownFileType = sourcecode.c.objc; path = IntroductionViewController.m; sourceTree = "<group>"; };
		18730AA51D2F68B800A0BF35 /* GeneralTextFiledViewController.h */ = {isa = PBXFileReference; fileEncoding = 4; lastKnownFileType = sourcecode.c.h; path = GeneralTextFiledViewController.h; sourceTree = "<group>"; };
		18730AA61D2F68B800A0BF35 /* GeneralTextFiledViewController.m */ = {isa = PBXFileReference; fileEncoding = 4; lastKnownFileType = sourcecode.c.objc; path = GeneralTextFiledViewController.m; sourceTree = "<group>"; };
		18730AAB1D2F68D900A0BF35 /* MessageModel.h */ = {isa = PBXFileReference; fileEncoding = 4; lastKnownFileType = sourcecode.c.h; path = MessageModel.h; sourceTree = "<group>"; };
		18730AAC1D2F68D900A0BF35 /* MessageModel.m */ = {isa = PBXFileReference; fileEncoding = 4; lastKnownFileType = sourcecode.c.objc; path = MessageModel.m; sourceTree = "<group>"; };
		18730AAE1D2F68E000A0BF35 /* MessageTableViewCell.h */ = {isa = PBXFileReference; fileEncoding = 4; lastKnownFileType = sourcecode.c.h; path = MessageTableViewCell.h; sourceTree = "<group>"; };
		18730AAF1D2F68E000A0BF35 /* MessageTableViewCell.m */ = {isa = PBXFileReference; fileEncoding = 4; lastKnownFileType = sourcecode.c.objc; path = MessageTableViewCell.m; sourceTree = "<group>"; };
		18730AB11D2F691A00A0BF35 /* SingleManage.h */ = {isa = PBXFileReference; fileEncoding = 4; lastKnownFileType = sourcecode.c.h; path = SingleManage.h; sourceTree = "<group>"; };
		18730AB21D2F691A00A0BF35 /* SingleManage.m */ = {isa = PBXFileReference; fileEncoding = 4; lastKnownFileType = sourcecode.c.objc; path = SingleManage.m; sourceTree = "<group>"; };
		18730AB31D2F691A00A0BF35 /* Config.h */ = {isa = PBXFileReference; fileEncoding = 4; lastKnownFileType = sourcecode.c.h; path = Config.h; sourceTree = "<group>"; };
		18730AB41D2F691A00A0BF35 /* Config.m */ = {isa = PBXFileReference; fileEncoding = 4; lastKnownFileType = sourcecode.c.objc; path = Config.m; sourceTree = "<group>"; };
		18730AB71D2F694600A0BF35 /* CustomTextField.h */ = {isa = PBXFileReference; fileEncoding = 4; lastKnownFileType = sourcecode.c.h; path = CustomTextField.h; sourceTree = "<group>"; };
		18730AB81D2F694600A0BF35 /* CustomTextField.m */ = {isa = PBXFileReference; fileEncoding = 4; lastKnownFileType = sourcecode.c.objc; path = CustomTextField.m; sourceTree = "<group>"; };
		18730ABA1D2F69AE00A0BF35 /* TimeTool.h */ = {isa = PBXFileReference; fileEncoding = 4; lastKnownFileType = sourcecode.c.h; path = TimeTool.h; sourceTree = "<group>"; };
		18730ABB1D2F69AE00A0BF35 /* TimeTool.m */ = {isa = PBXFileReference; fileEncoding = 4; lastKnownFileType = sourcecode.c.objc; path = TimeTool.m; sourceTree = "<group>"; };
		18730ABD1D2F6CD900A0BF35 /* PooCodeView.h */ = {isa = PBXFileReference; fileEncoding = 4; lastKnownFileType = sourcecode.c.h; path = PooCodeView.h; sourceTree = "<group>"; };
		18730ABE1D2F6CD900A0BF35 /* PooCodeView.m */ = {isa = PBXFileReference; fileEncoding = 4; lastKnownFileType = sourcecode.c.objc; path = PooCodeView.m; sourceTree = "<group>"; };
		18922B191D372FB300B82890 /* ShopsCell.h */ = {isa = PBXFileReference; fileEncoding = 4; lastKnownFileType = sourcecode.c.h; path = ShopsCell.h; sourceTree = "<group>"; };
		18922B1A1D372FB300B82890 /* ShopsCell.m */ = {isa = PBXFileReference; fileEncoding = 4; lastKnownFileType = sourcecode.c.objc; path = ShopsCell.m; sourceTree = "<group>"; };
		18922B1B1D372FB300B82890 /* ShopsTitle.h */ = {isa = PBXFileReference; fileEncoding = 4; lastKnownFileType = sourcecode.c.h; path = ShopsTitle.h; sourceTree = "<group>"; };
		18922B1C1D372FB300B82890 /* ShopsTitle.m */ = {isa = PBXFileReference; fileEncoding = 4; lastKnownFileType = sourcecode.c.objc; path = ShopsTitle.m; sourceTree = "<group>"; };
		18922B211D372FCF00B82890 /* ShopsModel.h */ = {isa = PBXFileReference; fileEncoding = 4; lastKnownFileType = sourcecode.c.h; path = ShopsModel.h; sourceTree = "<group>"; };
		18922B221D372FCF00B82890 /* ShopsModel.m */ = {isa = PBXFileReference; fileEncoding = 4; lastKnownFileType = sourcecode.c.objc; path = ShopsModel.m; sourceTree = "<group>"; };
		18922B241D372FEE00B82890 /* ShopsAllViewController.h */ = {isa = PBXFileReference; fileEncoding = 4; lastKnownFileType = sourcecode.c.h; path = ShopsAllViewController.h; sourceTree = "<group>"; };
		18922B251D372FEE00B82890 /* ShopsAllViewController.m */ = {isa = PBXFileReference; fileEncoding = 4; lastKnownFileType = sourcecode.c.objc; path = ShopsAllViewController.m; sourceTree = "<group>"; };
		18922B271D37311900B82890 /* AppDelegate+Request.h */ = {isa = PBXFileReference; fileEncoding = 4; lastKnownFileType = sourcecode.c.h; path = "AppDelegate+Request.h"; sourceTree = "<group>"; };
		18922B281D37311900B82890 /* AppDelegate+Request.m */ = {isa = PBXFileReference; fileEncoding = 4; lastKnownFileType = sourcecode.c.objc; path = "AppDelegate+Request.m"; sourceTree = "<group>"; };
		18B483DE1D2E19C7001703C0 /* syb.app */ = {isa = PBXFileReference; explicitFileType = wrapper.application; includeInIndex = 0; path = syb.app; sourceTree = BUILT_PRODUCTS_DIR; };
		18B483E21D2E19C7001703C0 /* main.m */ = {isa = PBXFileReference; lastKnownFileType = sourcecode.c.objc; path = main.m; sourceTree = "<group>"; };
		18B483E41D2E19C7001703C0 /* AppDelegate.h */ = {isa = PBXFileReference; lastKnownFileType = sourcecode.c.h; path = AppDelegate.h; sourceTree = "<group>"; };
		18B483E51D2E19C7001703C0 /* AppDelegate.m */ = {isa = PBXFileReference; lastKnownFileType = sourcecode.c.objc; path = AppDelegate.m; sourceTree = "<group>"; };
		18B483E71D2E19C7001703C0 /* ViewController.h */ = {isa = PBXFileReference; lastKnownFileType = sourcecode.c.h; path = ViewController.h; sourceTree = "<group>"; };
		18B483E81D2E19C7001703C0 /* ViewController.m */ = {isa = PBXFileReference; lastKnownFileType = sourcecode.c.objc; path = ViewController.m; sourceTree = "<group>"; };
		18B483EB1D2E19C7001703C0 /* Base */ = {isa = PBXFileReference; lastKnownFileType = file.storyboard; name = Base; path = Base.lproj/Main.storyboard; sourceTree = "<group>"; };
		18B483ED1D2E19C7001703C0 /* Assets.xcassets */ = {isa = PBXFileReference; lastKnownFileType = folder.assetcatalog; path = Assets.xcassets; sourceTree = "<group>"; };
		18B483F01D2E19C7001703C0 /* Base */ = {isa = PBXFileReference; lastKnownFileType = file.storyboard; name = Base; path = Base.lproj/LaunchScreen.storyboard; sourceTree = "<group>"; };
		18B483F21D2E19C7001703C0 /* Info.plist */ = {isa = PBXFileReference; lastKnownFileType = text.plist.xml; path = Info.plist; sourceTree = "<group>"; };
		18B483F71D2E19C7001703C0 /* sybTests.xctest */ = {isa = PBXFileReference; explicitFileType = wrapper.cfbundle; includeInIndex = 0; path = sybTests.xctest; sourceTree = BUILT_PRODUCTS_DIR; };
		18B483FB1D2E19C7001703C0 /* sybTests.m */ = {isa = PBXFileReference; lastKnownFileType = sourcecode.c.objc; path = sybTests.m; sourceTree = "<group>"; };
		18B483FD1D2E19C7001703C0 /* Info.plist */ = {isa = PBXFileReference; lastKnownFileType = text.plist.xml; path = Info.plist; sourceTree = "<group>"; };
		18B484021D2E19C7001703C0 /* sybUITests.xctest */ = {isa = PBXFileReference; explicitFileType = wrapper.cfbundle; includeInIndex = 0; path = sybUITests.xctest; sourceTree = BUILT_PRODUCTS_DIR; };
		18B484061D2E19C7001703C0 /* sybUITests.m */ = {isa = PBXFileReference; lastKnownFileType = sourcecode.c.objc; path = sybUITests.m; sourceTree = "<group>"; };
		18B484081D2E19C7001703C0 /* Info.plist */ = {isa = PBXFileReference; lastKnownFileType = text.plist.xml; path = Info.plist; sourceTree = "<group>"; };
		18B484141D2E1C3C001703C0 /* syb-Prefix.pch */ = {isa = PBXFileReference; fileEncoding = 4; lastKnownFileType = sourcecode.c.h; path = "syb-Prefix.pch"; sourceTree = "<group>"; };
		18B484161D2E1CD7001703C0 /* Macros.h */ = {isa = PBXFileReference; fileEncoding = 4; lastKnownFileType = sourcecode.c.h; path = Macros.h; sourceTree = "<group>"; };
		18B4841B1D2E1DF1001703C0 /* OpenUDID.h */ = {isa = PBXFileReference; fileEncoding = 4; lastKnownFileType = sourcecode.c.h; path = OpenUDID.h; sourceTree = "<group>"; };
		18B4841C1D2E1DF1001703C0 /* OpenUDID.m */ = {isa = PBXFileReference; fileEncoding = 4; lastKnownFileType = sourcecode.c.objc; path = OpenUDID.m; sourceTree = "<group>"; };
		18B484211D2E1E24001703C0 /* HDHud.h */ = {isa = PBXFileReference; fileEncoding = 4; lastKnownFileType = sourcecode.c.h; path = HDHud.h; sourceTree = "<group>"; };
		18B484221D2E1E24001703C0 /* HDHud.m */ = {isa = PBXFileReference; fileEncoding = 4; lastKnownFileType = sourcecode.c.objc; path = HDHud.m; sourceTree = "<group>"; };
		18B484241D2E2183001703C0 /* Podfile */ = {isa = PBXFileReference; fileEncoding = 4; lastKnownFileType = text; path = Podfile; sourceTree = "<group>"; };
		18B484261D2E2307001703C0 /* GXHttpRequest.h */ = {isa = PBXFileReference; fileEncoding = 4; lastKnownFileType = sourcecode.c.h; path = GXHttpRequest.h; sourceTree = "<group>"; };
		18B484271D2E2307001703C0 /* GXHttpRequest.m */ = {isa = PBXFileReference; fileEncoding = 4; lastKnownFileType = sourcecode.c.objc; path = GXHttpRequest.m; sourceTree = "<group>"; };
		18B4842B1D2E2404001703C0 /* BaseCell.h */ = {isa = PBXFileReference; fileEncoding = 4; lastKnownFileType = sourcecode.c.h; path = BaseCell.h; sourceTree = "<group>"; };
		18B4842C1D2E2404001703C0 /* BaseCell.m */ = {isa = PBXFileReference; fileEncoding = 4; lastKnownFileType = sourcecode.c.objc; path = BaseCell.m; sourceTree = "<group>"; };
		18B484301D2E247F001703C0 /* BaseViewController.h */ = {isa = PBXFileReference; fileEncoding = 4; lastKnownFileType = sourcecode.c.h; path = BaseViewController.h; sourceTree = "<group>"; };
		18B484311D2E247F001703C0 /* BaseViewController.m */ = {isa = PBXFileReference; fileEncoding = 4; lastKnownFileType = sourcecode.c.objc; path = BaseViewController.m; sourceTree = "<group>"; };
		18B484351D2E24A7001703C0 /* BKNodataView.h */ = {isa = PBXFileReference; fileEncoding = 4; lastKnownFileType = sourcecode.c.h; path = BKNodataView.h; sourceTree = "<group>"; };
		18B484361D2E24A7001703C0 /* BKNodataView.m */ = {isa = PBXFileReference; fileEncoding = 4; lastKnownFileType = sourcecode.c.objc; path = BKNodataView.m; sourceTree = "<group>"; };
		18B484381D2E24AD001703C0 /* BKNoNetView.h */ = {isa = PBXFileReference; fileEncoding = 4; lastKnownFileType = sourcecode.c.h; path = BKNoNetView.h; sourceTree = "<group>"; };
		18B484391D2E24AD001703C0 /* BKNoNetView.m */ = {isa = PBXFileReference; fileEncoding = 4; lastKnownFileType = sourcecode.c.objc; path = BKNoNetView.m; sourceTree = "<group>"; };
		18B4843B1D2E24C2001703C0 /* BKTabBarItem.h */ = {isa = PBXFileReference; fileEncoding = 4; lastKnownFileType = sourcecode.c.h; path = BKTabBarItem.h; sourceTree = "<group>"; };
		18B4843C1D2E24C2001703C0 /* BKTabBarItem.m */ = {isa = PBXFileReference; fileEncoding = 4; lastKnownFileType = sourcecode.c.objc; path = BKTabBarItem.m; sourceTree = "<group>"; };
		18B4843D1D2E24C2001703C0 /* BaseTabBarController.h */ = {isa = PBXFileReference; fileEncoding = 4; lastKnownFileType = sourcecode.c.h; path = BaseTabBarController.h; sourceTree = "<group>"; };
		18B4843E1D2E24C2001703C0 /* BaseTabBarController.m */ = {isa = PBXFileReference; fileEncoding = 4; lastKnownFileType = sourcecode.c.objc; path = BaseTabBarController.m; sourceTree = "<group>"; };
		18B484481D2E25FA001703C0 /* HomePageViewController.h */ = {isa = PBXFileReference; fileEncoding = 4; lastKnownFileType = sourcecode.c.h; path = HomePageViewController.h; sourceTree = "<group>"; };
		18B484491D2E25FA001703C0 /* HomePageViewController.m */ = {isa = PBXFileReference; fileEncoding = 4; lastKnownFileType = sourcecode.c.objc; path = HomePageViewController.m; sourceTree = "<group>"; };
		18B4844B1D2E2603001703C0 /* GoodsViewController.h */ = {isa = PBXFileReference; fileEncoding = 4; lastKnownFileType = sourcecode.c.h; path = GoodsViewController.h; sourceTree = "<group>"; };
		18B4844C1D2E2603001703C0 /* GoodsViewController.m */ = {isa = PBXFileReference; fileEncoding = 4; lastKnownFileType = sourcecode.c.objc; path = GoodsViewController.m; sourceTree = "<group>"; };
		18B4844E1D2E260C001703C0 /* ShopsViewController.h */ = {isa = PBXFileReference; fileEncoding = 4; lastKnownFileType = sourcecode.c.h; path = ShopsViewController.h; sourceTree = "<group>"; };
		18B4844F1D2E260C001703C0 /* ShopsViewController.m */ = {isa = PBXFileReference; fileEncoding = 4; lastKnownFileType = sourcecode.c.objc; path = ShopsViewController.m; sourceTree = "<group>"; };
		18B484511D2E2618001703C0 /* ShiYongBaoViewController.h */ = {isa = PBXFileReference; fileEncoding = 4; lastKnownFileType = sourcecode.c.h; path = ShiYongBaoViewController.h; sourceTree = "<group>"; };
		18B484521D2E2618001703C0 /* ShiYongBaoViewController.m */ = {isa = PBXFileReference; fileEncoding = 4; lastKnownFileType = sourcecode.c.objc; path = ShiYongBaoViewController.m; sourceTree = "<group>"; };
		18B484541D2E2623001703C0 /* CartViewController.h */ = {isa = PBXFileReference; fileEncoding = 4; lastKnownFileType = sourcecode.c.h; path = CartViewController.h; sourceTree = "<group>"; };
		18B484551D2E2623001703C0 /* CartViewController.m */ = {isa = PBXFileReference; fileEncoding = 4; lastKnownFileType = sourcecode.c.objc; path = CartViewController.m; sourceTree = "<group>"; };
		18B484571D2E262D001703C0 /* MeViewController.h */ = {isa = PBXFileReference; fileEncoding = 4; lastKnownFileType = sourcecode.c.h; path = MeViewController.h; sourceTree = "<group>"; };
		18B484581D2E262D001703C0 /* MeViewController.m */ = {isa = PBXFileReference; fileEncoding = 4; lastKnownFileType = sourcecode.c.objc; path = MeViewController.m; sourceTree = "<group>"; };
		18B4845B1D2E2A2B001703C0 /* UserDefaultsUtils.h */ = {isa = PBXFileReference; fileEncoding = 4; lastKnownFileType = sourcecode.c.h; path = UserDefaultsUtils.h; sourceTree = "<group>"; };
		18B4845C1D2E2A2B001703C0 /* UserDefaultsUtils.m */ = {isa = PBXFileReference; fileEncoding = 4; lastKnownFileType = sourcecode.c.objc; path = UserDefaultsUtils.m; sourceTree = "<group>"; };
		18B4845F1D2E2A5B001703C0 /* UIImage+Additional.h */ = {isa = PBXFileReference; fileEncoding = 4; lastKnownFileType = sourcecode.c.h; path = "UIImage+Additional.h"; sourceTree = "<group>"; };
		18B484601D2E2A5B001703C0 /* UIImage+Additional.m */ = {isa = PBXFileReference; fileEncoding = 4; lastKnownFileType = sourcecode.c.objc; path = "UIImage+Additional.m"; sourceTree = "<group>"; };
		18B484611D2E2A5B001703C0 /* UIView+Additional.h */ = {isa = PBXFileReference; fileEncoding = 4; lastKnownFileType = sourcecode.c.h; path = "UIView+Additional.h"; sourceTree = "<group>"; };
		18B484621D2E2A5B001703C0 /* UIView+Additional.m */ = {isa = PBXFileReference; fileEncoding = 4; lastKnownFileType = sourcecode.c.objc; path = "UIView+Additional.m"; sourceTree = "<group>"; };
		18B484631D2E2A5B001703C0 /* UILabel+Additional.h */ = {isa = PBXFileReference; fileEncoding = 4; lastKnownFileType = sourcecode.c.h; path = "UILabel+Additional.h"; sourceTree = "<group>"; };
		18B484641D2E2A5B001703C0 /* UILabel+Additional.m */ = {isa = PBXFileReference; fileEncoding = 4; lastKnownFileType = sourcecode.c.objc; path = "UILabel+Additional.m"; sourceTree = "<group>"; };
		18B484651D2E2A5B001703C0 /* UIButton+Addtional.h */ = {isa = PBXFileReference; fileEncoding = 4; lastKnownFileType = sourcecode.c.h; path = "UIButton+Addtional.h"; sourceTree = "<group>"; };
		18B484661D2E2A5B001703C0 /* UIButton+Addtional.m */ = {isa = PBXFileReference; fileEncoding = 4; lastKnownFileType = sourcecode.c.objc; path = "UIButton+Addtional.m"; sourceTree = "<group>"; };
		18B484671D2E2A5B001703C0 /* NSString+MD5.h */ = {isa = PBXFileReference; fileEncoding = 4; lastKnownFileType = sourcecode.c.h; path = "NSString+MD5.h"; sourceTree = "<group>"; };
		18B484681D2E2A5B001703C0 /* NSString+MD5.m */ = {isa = PBXFileReference; fileEncoding = 4; lastKnownFileType = sourcecode.c.objc; path = "NSString+MD5.m"; sourceTree = "<group>"; };
		18B484691D2E2A5B001703C0 /* NSString+Validation.h */ = {isa = PBXFileReference; fileEncoding = 4; lastKnownFileType = sourcecode.c.h; path = "NSString+Validation.h"; sourceTree = "<group>"; };
		18B4846A1D2E2A5B001703C0 /* NSString+Validation.m */ = {isa = PBXFileReference; fileEncoding = 4; lastKnownFileType = sourcecode.c.objc; path = "NSString+Validation.m"; sourceTree = "<group>"; };
		18B4846B1D2E2A5B001703C0 /* AnimateTools.h */ = {isa = PBXFileReference; fileEncoding = 4; lastKnownFileType = sourcecode.c.h; path = AnimateTools.h; sourceTree = "<group>"; };
		18B4846C1D2E2A5B001703C0 /* AnimateTools.m */ = {isa = PBXFileReference; fileEncoding = 4; lastKnownFileType = sourcecode.c.objc; path = AnimateTools.m; sourceTree = "<group>"; };
		18B4846D1D2E2A5B001703C0 /* NSDate+Additions.h */ = {isa = PBXFileReference; fileEncoding = 4; lastKnownFileType = sourcecode.c.h; path = "NSDate+Additions.h"; sourceTree = "<group>"; };
		18B4846E1D2E2A5B001703C0 /* NSDate+Additions.m */ = {isa = PBXFileReference; fileEncoding = 4; lastKnownFileType = sourcecode.c.objc; path = "NSDate+Additions.m"; sourceTree = "<group>"; };
		18B4846F1D2E2A5B001703C0 /* NSDate+Category.h */ = {isa = PBXFileReference; fileEncoding = 4; lastKnownFileType = sourcecode.c.h; path = "NSDate+Category.h"; sourceTree = "<group>"; };
		18B484701D2E2A5B001703C0 /* NSDate+Category.m */ = {isa = PBXFileReference; fileEncoding = 4; lastKnownFileType = sourcecode.c.objc; path = "NSDate+Category.m"; sourceTree = "<group>"; };
		18B484711D2E2A5B001703C0 /* NSDate+TimeInterval.h */ = {isa = PBXFileReference; fileEncoding = 4; lastKnownFileType = sourcecode.c.h; path = "NSDate+TimeInterval.h"; sourceTree = "<group>"; };
		18B484721D2E2A5B001703C0 /* NSDate+TimeInterval.m */ = {isa = PBXFileReference; fileEncoding = 4; lastKnownFileType = sourcecode.c.objc; path = "NSDate+TimeInterval.m"; sourceTree = "<group>"; };
		18B484731D2E2A5B001703C0 /* NSDateFormatter+Category.h */ = {isa = PBXFileReference; fileEncoding = 4; lastKnownFileType = sourcecode.c.h; path = "NSDateFormatter+Category.h"; sourceTree = "<group>"; };
		18B484741D2E2A5B001703C0 /* NSDateFormatter+Category.m */ = {isa = PBXFileReference; fileEncoding = 4; lastKnownFileType = sourcecode.c.objc; path = "NSDateFormatter+Category.m"; sourceTree = "<group>"; };
		18B484751D2E2A5B001703C0 /* NSString+Additions.h */ = {isa = PBXFileReference; fileEncoding = 4; lastKnownFileType = sourcecode.c.h; path = "NSString+Additions.h"; sourceTree = "<group>"; };
		18B484761D2E2A5B001703C0 /* NSString+Additions.m */ = {isa = PBXFileReference; fileEncoding = 4; lastKnownFileType = sourcecode.c.objc; path = "NSString+Additions.m"; sourceTree = "<group>"; };
		18B484771D2E2A5B001703C0 /* NSString+FontAwesome.h */ = {isa = PBXFileReference; fileEncoding = 4; lastKnownFileType = sourcecode.c.h; path = "NSString+FontAwesome.h"; sourceTree = "<group>"; };
		18B484781D2E2A5B001703C0 /* NSString+FontAwesome.m */ = {isa = PBXFileReference; fileEncoding = 4; lastKnownFileType = sourcecode.c.objc; path = "NSString+FontAwesome.m"; sourceTree = "<group>"; };
		18B484791D2E2A5B001703C0 /* NSTimer+Addition.h */ = {isa = PBXFileReference; fileEncoding = 4; lastKnownFileType = sourcecode.c.h; path = "NSTimer+Addition.h"; sourceTree = "<group>"; };
		18B4847A1D2E2A5B001703C0 /* NSTimer+Addition.m */ = {isa = PBXFileReference; fileEncoding = 4; lastKnownFileType = sourcecode.c.objc; path = "NSTimer+Addition.m"; sourceTree = "<group>"; };
		18B484951D2E2A5B001703C0 /* NSString+Binary.h */ = {isa = PBXFileReference; fileEncoding = 4; lastKnownFileType = sourcecode.c.h; path = "NSString+Binary.h"; sourceTree = "<group>"; };
		18B484961D2E2A5B001703C0 /* NSString+Binary.m */ = {isa = PBXFileReference; fileEncoding = 4; lastKnownFileType = sourcecode.c.objc; path = "NSString+Binary.m"; sourceTree = "<group>"; };
		18B484B41D2E2B3B001703C0 /* BKHelper.h */ = {isa = PBXFileReference; fileEncoding = 4; lastKnownFileType = sourcecode.c.h; path = BKHelper.h; sourceTree = "<group>"; };
		18B484B51D2E2B3B001703C0 /* BKHelper.m */ = {isa = PBXFileReference; fileEncoding = 4; lastKnownFileType = sourcecode.c.objc; path = BKHelper.m; sourceTree = "<group>"; };
		18B484B71D2E324A001703C0 /* SybSession.h */ = {isa = PBXFileReference; fileEncoding = 4; lastKnownFileType = sourcecode.c.h; path = SybSession.h; sourceTree = "<group>"; };
		18B484B81D2E324A001703C0 /* SybSession.m */ = {isa = PBXFileReference; fileEncoding = 4; lastKnownFileType = sourcecode.c.objc; path = SybSession.m; sourceTree = "<group>"; };
		18B484BC1D2E411A001703C0 /* brandModel.h */ = {isa = PBXFileReference; fileEncoding = 4; lastKnownFileType = sourcecode.c.h; path = brandModel.h; sourceTree = "<group>"; };
		18B484BD1D2E411A001703C0 /* brandModel.m */ = {isa = PBXFileReference; fileEncoding = 4; lastKnownFileType = sourcecode.c.objc; path = brandModel.m; sourceTree = "<group>"; };
		18B484BE1D2E411A001703C0 /* good320Model.h */ = {isa = PBXFileReference; fileEncoding = 4; lastKnownFileType = sourcecode.c.h; path = good320Model.h; sourceTree = "<group>"; };
		18B484BF1D2E411A001703C0 /* good320Model.m */ = {isa = PBXFileReference; fileEncoding = 4; lastKnownFileType = sourcecode.c.objc; path = good320Model.m; sourceTree = "<group>"; };
		18B484C21D2E4122001703C0 /* BrandCell.h */ = {isa = PBXFileReference; fileEncoding = 4; lastKnownFileType = sourcecode.c.h; path = BrandCell.h; sourceTree = "<group>"; };
		18B484C31D2E4122001703C0 /* BrandCell.m */ = {isa = PBXFileReference; fileEncoding = 4; lastKnownFileType = sourcecode.c.objc; path = BrandCell.m; sourceTree = "<group>"; };
		18B484C81D2E46CF001703C0 /* GoodsTableViewCell.h */ = {isa = PBXFileReference; fileEncoding = 4; lastKnownFileType = sourcecode.c.h; path = GoodsTableViewCell.h; sourceTree = "<group>"; };
		18B484C91D2E46CF001703C0 /* GoodsTableViewCell.m */ = {isa = PBXFileReference; fileEncoding = 4; lastKnownFileType = sourcecode.c.objc; path = GoodsTableViewCell.m; sourceTree = "<group>"; };
		18D34FA91D3398EC002CE8E0 /* SearchTextField.m */ = {isa = PBXFileReference; fileEncoding = 4; lastKnownFileType = sourcecode.c.objc; path = SearchTextField.m; sourceTree = "<group>"; };
		18D34FAA1D3398EC002CE8E0 /* SearchViewController.h */ = {isa = PBXFileReference; fileEncoding = 4; lastKnownFileType = sourcecode.c.h; path = SearchViewController.h; sourceTree = "<group>"; };
		18D34FAB1D3398EC002CE8E0 /* SearchViewController.m */ = {isa = PBXFileReference; fileEncoding = 4; lastKnownFileType = sourcecode.c.objc; path = SearchViewController.m; sourceTree = "<group>"; };
		18D34FAE1D3398EC002CE8E0 /* ShopSearchTableViewCell.h */ = {isa = PBXFileReference; fileEncoding = 4; lastKnownFileType = sourcecode.c.h; path = ShopSearchTableViewCell.h; sourceTree = "<group>"; };
		18D34FAF1D3398EC002CE8E0 /* ShopSearchTableViewCell.m */ = {isa = PBXFileReference; fileEncoding = 4; lastKnownFileType = sourcecode.c.objc; path = ShopSearchTableViewCell.m; sourceTree = "<group>"; };
		18D34FB01D3398EC002CE8E0 /* ShopsSearchModel.h */ = {isa = PBXFileReference; fileEncoding = 4; lastKnownFileType = sourcecode.c.h; path = ShopsSearchModel.h; sourceTree = "<group>"; };
		18D34FB11D3398EC002CE8E0 /* ShopsSearchModel.m */ = {isa = PBXFileReference; fileEncoding = 4; lastKnownFileType = sourcecode.c.objc; path = ShopsSearchModel.m; sourceTree = "<group>"; };
		18D34FB21D3398EC002CE8E0 /* ShopsSearchResultViewController.h */ = {isa = PBXFileReference; fileEncoding = 4; lastKnownFileType = sourcecode.c.h; path = ShopsSearchResultViewController.h; sourceTree = "<group>"; };
		18D34FB31D3398EC002CE8E0 /* ShopsSearchResultViewController.m */ = {isa = PBXFileReference; fileEncoding = 4; lastKnownFileType = sourcecode.c.objc; path = ShopsSearchResultViewController.m; sourceTree = "<group>"; };
		18D34FBA1D3398F4002CE8E0 /* SearchTextField.h */ = {isa = PBXFileReference; fileEncoding = 4; lastKnownFileType = sourcecode.c.h; path = SearchTextField.h; sourceTree = "<group>"; };
		18D34FBB1D339902002CE8E0 /* ChooseSearchTypeView.h */ = {isa = PBXFileReference; fileEncoding = 4; lastKnownFileType = sourcecode.c.h; path = ChooseSearchTypeView.h; sourceTree = "<group>"; };
		18D34FBC1D339902002CE8E0 /* ChooseSearchTypeView.m */ = {isa = PBXFileReference; fileEncoding = 4; lastKnownFileType = sourcecode.c.objc; path = ChooseSearchTypeView.m; sourceTree = "<group>"; };
		18D34FBD1D339902002CE8E0 /* GoodsSearchModel.h */ = {isa = PBXFileReference; fileEncoding = 4; lastKnownFileType = sourcecode.c.h; path = GoodsSearchModel.h; sourceTree = "<group>"; };
		18D34FBE1D339902002CE8E0 /* GoodsSearchModel.m */ = {isa = PBXFileReference; fileEncoding = 4; lastKnownFileType = sourcecode.c.objc; path = GoodsSearchModel.m; sourceTree = "<group>"; };
		18D34FBF1D339902002CE8E0 /* GoodsSearchResultViewController.h */ = {isa = PBXFileReference; fileEncoding = 4; lastKnownFileType = sourcecode.c.h; path = GoodsSearchResultViewController.h; sourceTree = "<group>"; };
		18D34FC01D339902002CE8E0 /* GoodsSearchResultViewController.m */ = {isa = PBXFileReference; fileEncoding = 4; lastKnownFileType = sourcecode.c.objc; path = GoodsSearchResultViewController.m; sourceTree = "<group>"; };
		18D34FC11D339902002CE8E0 /* GoodsSearchTableViewCell.h */ = {isa = PBXFileReference; fileEncoding = 4; lastKnownFileType = sourcecode.c.h; path = GoodsSearchTableViewCell.h; sourceTree = "<group>"; };
		18D34FC21D339902002CE8E0 /* GoodsSearchTableViewCell.m */ = {isa = PBXFileReference; fileEncoding = 4; lastKnownFileType = sourcecode.c.objc; path = GoodsSearchTableViewCell.m; sourceTree = "<group>"; };
		90E6FDA71758E42E1FD0D6B8 /* Pods.debug.xcconfig */ = {isa = PBXFileReference; includeInIndex = 1; lastKnownFileType = text.xcconfig; name = Pods.debug.xcconfig; path = "Pods/Target Support Files/Pods/Pods.debug.xcconfig"; sourceTree = "<group>"; };
		98E430D4CE5EF0097D81D5B5 /* libPods.a */ = {isa = PBXFileReference; explicitFileType = archive.ar; includeInIndex = 0; path = libPods.a; sourceTree = BUILT_PRODUCTS_DIR; };
		D21EE7D01D320E56008AE0B7 /* MeHeaderLoginView.h */ = {isa = PBXFileReference; fileEncoding = 4; lastKnownFileType = sourcecode.c.h; path = MeHeaderLoginView.h; sourceTree = "<group>"; };
		D21EE7D11D320E56008AE0B7 /* MeHeaderLoginView.m */ = {isa = PBXFileReference; fileEncoding = 4; lastKnownFileType = sourcecode.c.objc; path = MeHeaderLoginView.m; sourceTree = "<group>"; };
		D21EE7D31D320E6C008AE0B7 /* MeHeaderLogoutView.h */ = {isa = PBXFileReference; fileEncoding = 4; lastKnownFileType = sourcecode.c.h; path = MeHeaderLogoutView.h; sourceTree = "<group>"; };
		D21EE7D41D320E6C008AE0B7 /* MeHeaderLogoutView.m */ = {isa = PBXFileReference; fileEncoding = 4; lastKnownFileType = sourcecode.c.objc; path = MeHeaderLogoutView.m; sourceTree = "<group>"; };
		D21EE7D71D322278008AE0B7 /* SybWebViewController.h */ = {isa = PBXFileReference; fileEncoding = 4; lastKnownFileType = sourcecode.c.h; path = SybWebViewController.h; sourceTree = "<group>"; };
		D21EE7D81D322278008AE0B7 /* SybWebViewController.m */ = {isa = PBXFileReference; fileEncoding = 4; lastKnownFileType = sourcecode.c.objc; path = SybWebViewController.m; sourceTree = "<group>"; };
		D21EE7DB1D3225E7008AE0B7 /* MyOrderViewController.h */ = {isa = PBXFileReference; fileEncoding = 4; lastKnownFileType = sourcecode.c.h; path = MyOrderViewController.h; sourceTree = "<group>"; };
		D21EE7DC1D3225E7008AE0B7 /* MyOrderViewController.m */ = {isa = PBXFileReference; fileEncoding = 4; lastKnownFileType = sourcecode.c.objc; path = MyOrderViewController.m; sourceTree = "<group>"; };
		D21EE7DE1D3245CF008AE0B7 /* MyAttentionViewController.h */ = {isa = PBXFileReference; fileEncoding = 4; lastKnownFileType = sourcecode.c.h; path = MyAttentionViewController.h; sourceTree = "<group>"; };
		D21EE7DF1D3245CF008AE0B7 /* MyAttentionViewController.m */ = {isa = PBXFileReference; fileEncoding = 4; lastKnownFileType = sourcecode.c.objc; path = MyAttentionViewController.m; sourceTree = "<group>"; };
		D7C3699B88F3AE309E260902 /* Pods.release.xcconfig */ = {isa = PBXFileReference; includeInIndex = 1; lastKnownFileType = text.xcconfig; name = Pods.release.xcconfig; path = "Pods/Target Support Files/Pods/Pods.release.xcconfig"; sourceTree = "<group>"; };
		F259B66C1D37A088000410B3 /* UIView+Extension.h */ = {isa = PBXFileReference; fileEncoding = 4; lastKnownFileType = sourcecode.c.h; path = "UIView+Extension.h"; sourceTree = "<group>"; };
		F259B66D1D37A088000410B3 /* UIView+Extension.m */ = {isa = PBXFileReference; fileEncoding = 4; lastKnownFileType = sourcecode.c.objc; path = "UIView+Extension.m"; sourceTree = "<group>"; };
		F259B6781D37DD6C000410B3 /* MyIntegralViewController.h */ = {isa = PBXFileReference; fileEncoding = 4; lastKnownFileType = sourcecode.c.h; path = MyIntegralViewController.h; sourceTree = "<group>"; };
		F259B6791D37DD6C000410B3 /* MyIntegralViewController.m */ = {isa = PBXFileReference; fileEncoding = 4; lastKnownFileType = sourcecode.c.objc; path = MyIntegralViewController.m; sourceTree = "<group>"; };
		F259B67A1D37DD6C000410B3 /* MyIntegralViewController.xib */ = {isa = PBXFileReference; fileEncoding = 4; lastKnownFileType = file.xib; path = MyIntegralViewController.xib; sourceTree = "<group>"; };
		F259B67D1D37E1BE000410B3 /* BalanceOfPaymentsViewController.h */ = {isa = PBXFileReference; fileEncoding = 4; lastKnownFileType = sourcecode.c.h; path = BalanceOfPaymentsViewController.h; sourceTree = "<group>"; };
		F259B67E1D37E1BE000410B3 /* BalanceOfPaymentsViewController.m */ = {isa = PBXFileReference; fileEncoding = 4; lastKnownFileType = sourcecode.c.objc; path = BalanceOfPaymentsViewController.m; sourceTree = "<group>"; };
		F259B67F1D37E1BE000410B3 /* BalanceOfPaymentsViewController.xib */ = {isa = PBXFileReference; fileEncoding = 4; lastKnownFileType = file.xib; path = BalanceOfPaymentsViewController.xib; sourceTree = "<group>"; };
		F259B6821D37E592000410B3 /* BalanceOfPaymentTableViewCell.h */ = {isa = PBXFileReference; fileEncoding = 4; lastKnownFileType = sourcecode.c.h; path = BalanceOfPaymentTableViewCell.h; sourceTree = "<group>"; };
		F259B6831D37E592000410B3 /* BalanceOfPaymentTableViewCell.m */ = {isa = PBXFileReference; fileEncoding = 4; lastKnownFileType = sourcecode.c.objc; path = BalanceOfPaymentTableViewCell.m; sourceTree = "<group>"; };
		F259B6841D37E592000410B3 /* BalanceOfPaymentTableViewCell.xib */ = {isa = PBXFileReference; fileEncoding = 4; lastKnownFileType = file.xib; path = BalanceOfPaymentTableViewCell.xib; sourceTree = "<group>"; };
		F259B6871D37E5B2000410B3 /* BalanceOfPaymentModel.h */ = {isa = PBXFileReference; fileEncoding = 4; lastKnownFileType = sourcecode.c.h; path = BalanceOfPaymentModel.h; sourceTree = "<group>"; };
		F259B6881D37E5B2000410B3 /* BalanceOfPaymentModel.m */ = {isa = PBXFileReference; fileEncoding = 4; lastKnownFileType = sourcecode.c.objc; path = BalanceOfPaymentModel.m; sourceTree = "<group>"; };
		F259B68A1D37ED39000410B3 /* CashingViewController.h */ = {isa = PBXFileReference; fileEncoding = 4; lastKnownFileType = sourcecode.c.h; path = CashingViewController.h; sourceTree = "<group>"; };
		F259B68B1D37ED39000410B3 /* CashingViewController.m */ = {isa = PBXFileReference; fileEncoding = 4; lastKnownFileType = sourcecode.c.objc; path = CashingViewController.m; sourceTree = "<group>"; };
		F259B68C1D37ED39000410B3 /* CashingViewController.xib */ = {isa = PBXFileReference; fileEncoding = 4; lastKnownFileType = file.xib; path = CashingViewController.xib; sourceTree = "<group>"; };
		F259B6921D380BC2000410B3 /* AddAccountViewController.h */ = {isa = PBXFileReference; fileEncoding = 4; lastKnownFileType = sourcecode.c.h; path = AddAccountViewController.h; sourceTree = "<group>"; };
		F259B6931D380BC2000410B3 /* AddAccountViewController.m */ = {isa = PBXFileReference; fileEncoding = 4; lastKnownFileType = sourcecode.c.objc; path = AddAccountViewController.m; sourceTree = "<group>"; };
		F259B6941D380BC2000410B3 /* AddAccountViewController.xib */ = {isa = PBXFileReference; fileEncoding = 4; lastKnownFileType = file.xib; path = AddAccountViewController.xib; sourceTree = "<group>"; };
/* End PBXFileReference section */

/* Begin PBXFrameworksBuildPhase section */
		18B483DB1D2E19C7001703C0 /* Frameworks */ = {
			isa = PBXFrameworksBuildPhase;
			buildActionMask = 2147483647;
			files = (
				27A5254D4BF43A643375D457 /* libPods.a in Frameworks */,
			);
			runOnlyForDeploymentPostprocessing = 0;
		};
		18B483F41D2E19C7001703C0 /* Frameworks */ = {
			isa = PBXFrameworksBuildPhase;
			buildActionMask = 2147483647;
			files = (
			);
			runOnlyForDeploymentPostprocessing = 0;
		};
		18B483FF1D2E19C7001703C0 /* Frameworks */ = {
			isa = PBXFrameworksBuildPhase;
			buildActionMask = 2147483647;
			files = (
			);
			runOnlyForDeploymentPostprocessing = 0;
		};
/* End PBXFrameworksBuildPhase section */

/* Begin PBXGroup section */
		181A662E1D34A54C00ABDE29 /* order */ = {
			isa = PBXGroup;
			children = (
				D21EE7DB1D3225E7008AE0B7 /* MyOrderViewController.h */,
				D21EE7DC1D3225E7008AE0B7 /* MyOrderViewController.m */,
				181A663B1D35015100ABDE29 /* OrderDetailViewController.h */,
				181A663C1D35015100ABDE29 /* OrderDetailViewController.m */,
				181A662F1D34A58500ABDE29 /* OrderModel.h */,
				181A66301D34A58500ABDE29 /* OrderModel.m */,
				181A66321D34A59700ABDE29 /* OrderCell.h */,
				181A66331D34A59700ABDE29 /* OrderCell.m */,
				181A66351D34AF5800ABDE29 /* OrderGoodsCell.h */,
				181A66361D34AF5800ABDE29 /* OrderGoodsCell.m */,
				181A66381D34B6C500ABDE29 /* OrderItem.h */,
				181A66391D34B6C500ABDE29 /* OrderItem.m */,
				181A663E1D3502F300ABDE29 /* OrderDetailCell.h */,
				181A663F1D3502F300ABDE29 /* OrderDetailCell.m */,
			);
			name = order;
			sourceTree = "<group>";
		};
		18730A7E1D2F683D00A0BF35 /* login */ = {
			isa = PBXGroup;
			children = (
				18730A7F1D2F684900A0BF35 /* LoginViewController.h */,
				18730A801D2F684900A0BF35 /* LoginViewController.m */,
			);
			name = login;
			sourceTree = "<group>";
		};
		18730A821D2F684D00A0BF35 /* reg */ = {
			isa = PBXGroup;
			children = (
				18730A831D2F685700A0BF35 /* RegisterViewController.h */,
				18730A841D2F685700A0BF35 /* RegisterViewController.m */,
				18730A851D2F685700A0BF35 /* VerificationViewController.h */,
				18730A861D2F685700A0BF35 /* VerificationViewController.m */,
			);
			name = reg;
			sourceTree = "<group>";
		};
		18730A891D2F685A00A0BF35 /* forget */ = {
			isa = PBXGroup;
			children = (
				18730A8A1D2F686500A0BF35 /* ForgetPasswordViewController.h */,
				18730A8B1D2F686500A0BF35 /* ForgetPasswordViewController.m */,
				18730A8C1D2F686500A0BF35 /* VerifyViewController.h */,
				18730A8D1D2F686500A0BF35 /* VerifyViewController.m */,
			);
			name = forget;
			sourceTree = "<group>";
		};
		18730AAA1D2F68CC00A0BF35 /* message */ = {
			isa = PBXGroup;
			children = (
				18730AAE1D2F68E000A0BF35 /* MessageTableViewCell.h */,
				18730AAF1D2F68E000A0BF35 /* MessageTableViewCell.m */,
				18730AAB1D2F68D900A0BF35 /* MessageModel.h */,
				18730AAC1D2F68D900A0BF35 /* MessageModel.m */,
				18730A921D2F688900A0BF35 /* MyMessageViewController.h */,
				18730A931D2F688900A0BF35 /* MyMessageViewController.m */,
			);
			name = message;
			sourceTree = "<group>";
		};
		18922B1F1D372FB800B82890 /* View */ = {
			isa = PBXGroup;
			children = (
				18922B191D372FB300B82890 /* ShopsCell.h */,
				18922B1A1D372FB300B82890 /* ShopsCell.m */,
				18922B1B1D372FB300B82890 /* ShopsTitle.h */,
				18922B1C1D372FB300B82890 /* ShopsTitle.m */,
			);
			name = View;
			sourceTree = "<group>";
		};
		18922B201D372FC500B82890 /* Model */ = {
			isa = PBXGroup;
			children = (
				18922B211D372FCF00B82890 /* ShopsModel.h */,
				18922B221D372FCF00B82890 /* ShopsModel.m */,
			);
			name = Model;
			sourceTree = "<group>";
		};
		18B483D51D2E19C7001703C0 = {
			isa = PBXGroup;
			children = (
				18B484241D2E2183001703C0 /* Podfile */,
				18B483E01D2E19C7001703C0 /* syb */,
				18B483FA1D2E19C7001703C0 /* sybTests */,
				18B484051D2E19C7001703C0 /* sybUITests */,
				18B483DF1D2E19C7001703C0 /* Products */,
				D87A87834FE6380958B4AD99 /* Pods */,
				D60C8D3E7E519D1558169935 /* Frameworks */,
			);
			sourceTree = "<group>";
		};
		18B483DF1D2E19C7001703C0 /* Products */ = {
			isa = PBXGroup;
			children = (
				18B483DE1D2E19C7001703C0 /* syb.app */,
				18B483F71D2E19C7001703C0 /* sybTests.xctest */,
				18B484021D2E19C7001703C0 /* sybUITests.xctest */,
			);
			name = Products;
			sourceTree = "<group>";
		};
		18B483E01D2E19C7001703C0 /* syb */ = {
			isa = PBXGroup;
			children = (
				F259B66F1D37DCB2000410B3 /* MyIntegration */,
				F259B66B1D37A088000410B3 /* Tools */,
				18B484411D2E259D001703C0 /* Src */,
				18B484291D2E23CF001703C0 /* Base */,
				18B484171D2E1D8D001703C0 /* Common */,
				18B484151D2E1C99001703C0 /* Macro */,
				18B483E41D2E19C7001703C0 /* AppDelegate.h */,
				18B483E51D2E19C7001703C0 /* AppDelegate.m */,
				18922B271D37311900B82890 /* AppDelegate+Request.h */,
				18922B281D37311900B82890 /* AppDelegate+Request.m */,
				18293A021D339223003ACD40 /* AppDelegate+KeyboardManager.h */,
				18293A031D339223003ACD40 /* AppDelegate+KeyboardManager.m */,
				18B483E71D2E19C7001703C0 /* ViewController.h */,
				18B483E81D2E19C7001703C0 /* ViewController.m */,
				18B483EA1D2E19C7001703C0 /* Main.storyboard */,
				18B483ED1D2E19C7001703C0 /* Assets.xcassets */,
				18B483EF1D2E19C7001703C0 /* LaunchScreen.storyboard */,
				18B483F21D2E19C7001703C0 /* Info.plist */,
				18B484141D2E1C3C001703C0 /* syb-Prefix.pch */,
				18B483E11D2E19C7001703C0 /* Supporting Files */,
			);
			path = syb;
			sourceTree = "<group>";
		};
		18B483E11D2E19C7001703C0 /* Supporting Files */ = {
			isa = PBXGroup;
			children = (
				18B483E21D2E19C7001703C0 /* main.m */,
			);
			name = "Supporting Files";
			sourceTree = "<group>";
		};
		18B483FA1D2E19C7001703C0 /* sybTests */ = {
			isa = PBXGroup;
			children = (
				18B483FB1D2E19C7001703C0 /* sybTests.m */,
				18B483FD1D2E19C7001703C0 /* Info.plist */,
			);
			path = sybTests;
			sourceTree = "<group>";
		};
		18B484051D2E19C7001703C0 /* sybUITests */ = {
			isa = PBXGroup;
			children = (
				18B484061D2E19C7001703C0 /* sybUITests.m */,
				18B484081D2E19C7001703C0 /* Info.plist */,
			);
			path = sybUITests;
			sourceTree = "<group>";
		};
		18B484151D2E1C99001703C0 /* Macro */ = {
			isa = PBXGroup;
			children = (
				18B484161D2E1CD7001703C0 /* Macros.h */,
			);
			name = Macro;
			sourceTree = "<group>";
		};
		18B484171D2E1D8D001703C0 /* Common */ = {
			isa = PBXGroup;
			children = (
				18730ABD1D2F6CD900A0BF35 /* PooCodeView.h */,
				18730ABE1D2F6CD900A0BF35 /* PooCodeView.m */,
				18730AB71D2F694600A0BF35 /* CustomTextField.h */,
				18730AB81D2F694600A0BF35 /* CustomTextField.m */,
				18B484B31D2E2B2D001703C0 /* Helper */,
				18B4845E1D2E2A40001703C0 /* Exten */,
				18B4845A1D2E2A1C001703C0 /* Userdefault */,
				18B484341D2E248F001703C0 /* Nonet */,
				18B484331D2E2489001703C0 /* Nodata */,
				18B4841A1D2E1DCD001703C0 /* Tools */,
				18B484191D2E1DBD001703C0 /* Singleton */,
				18B484181D2E1DB3001703C0 /* NetWork */,
			);
			name = Common;
			sourceTree = "<group>";
		};
		18B484181D2E1DB3001703C0 /* NetWork */ = {
			isa = PBXGroup;
			children = (
				18B484261D2E2307001703C0 /* GXHttpRequest.h */,
				18B484271D2E2307001703C0 /* GXHttpRequest.m */,
			);
			name = NetWork;
			sourceTree = "<group>";
		};
		18B484191D2E1DBD001703C0 /* Singleton */ = {
			isa = PBXGroup;
			children = (
				18730AB11D2F691A00A0BF35 /* SingleManage.h */,
				18730AB21D2F691A00A0BF35 /* SingleManage.m */,
				18730AB31D2F691A00A0BF35 /* Config.h */,
				18730AB41D2F691A00A0BF35 /* Config.m */,
				18B484B71D2E324A001703C0 /* SybSession.h */,
				18B484B81D2E324A001703C0 /* SybSession.m */,
			);
			name = Singleton;
			sourceTree = "<group>";
		};
		18B4841A1D2E1DCD001703C0 /* Tools */ = {
			isa = PBXGroup;
			children = (
				18730ABA1D2F69AE00A0BF35 /* TimeTool.h */,
				18730ABB1D2F69AE00A0BF35 /* TimeTool.m */,
				18B484211D2E1E24001703C0 /* HDHud.h */,
				18B484221D2E1E24001703C0 /* HDHud.m */,
				18B4841B1D2E1DF1001703C0 /* OpenUDID.h */,
				18B4841C1D2E1DF1001703C0 /* OpenUDID.m */,
			);
			name = Tools;
			sourceTree = "<group>";
		};
		18B484291D2E23CF001703C0 /* Base */ = {
			isa = PBXGroup;
			children = (
				18B4842F1D2E2468001703C0 /* BaseTabbarController */,
				18B4842E1D2E2409001703C0 /* BaseViewController */,
				18B4842A1D2E23F7001703C0 /* BaseCell */,
			);
			name = Base;
			sourceTree = "<group>";
		};
		18B4842A1D2E23F7001703C0 /* BaseCell */ = {
			isa = PBXGroup;
			children = (
				18B4842B1D2E2404001703C0 /* BaseCell.h */,
				18B4842C1D2E2404001703C0 /* BaseCell.m */,
			);
			name = BaseCell;
			sourceTree = "<group>";
		};
		18B4842E1D2E2409001703C0 /* BaseViewController */ = {
			isa = PBXGroup;
			children = (
				18B484301D2E247F001703C0 /* BaseViewController.h */,
				18B484311D2E247F001703C0 /* BaseViewController.m */,
			);
			name = BaseViewController;
			sourceTree = "<group>";
		};
		18B4842F1D2E2468001703C0 /* BaseTabbarController */ = {
			isa = PBXGroup;
			children = (
				18B4843B1D2E24C2001703C0 /* BKTabBarItem.h */,
				18B4843C1D2E24C2001703C0 /* BKTabBarItem.m */,
				18B4843D1D2E24C2001703C0 /* BaseTabBarController.h */,
				18B4843E1D2E24C2001703C0 /* BaseTabBarController.m */,
			);
			name = BaseTabbarController;
			sourceTree = "<group>";
		};
		18B484331D2E2489001703C0 /* Nodata */ = {
			isa = PBXGroup;
			children = (
				18B484351D2E24A7001703C0 /* BKNodataView.h */,
				18B484361D2E24A7001703C0 /* BKNodataView.m */,
			);
			name = Nodata;
			sourceTree = "<group>";
		};
		18B484341D2E248F001703C0 /* Nonet */ = {
			isa = PBXGroup;
			children = (
				18B484381D2E24AD001703C0 /* BKNoNetView.h */,
				18B484391D2E24AD001703C0 /* BKNoNetView.m */,
			);
			name = Nonet;
			sourceTree = "<group>";
		};
		18B484411D2E259D001703C0 /* Src */ = {
			isa = PBXGroup;
			children = (
				18D34FA81D3397AA002CE8E0 /* Search */,
				D21EE7D61D3220BE008AE0B7 /* webview */,
				18730A891D2F685A00A0BF35 /* forget */,
				18730A821D2F684D00A0BF35 /* reg */,
				18730A7E1D2F683D00A0BF35 /* login */,
				18B484471D2E25E5001703C0 /* Me */,
				18B484461D2E25DE001703C0 /* Cart */,
				18B484451D2E25D7001703C0 /* ShiyongBao */,
				18B484441D2E25CC001703C0 /* Shops */,
				18B484431D2E25AD001703C0 /* Goods */,
				18B484421D2E25A6001703C0 /* Homepage */,
			);
			name = Src;
			sourceTree = "<group>";
		};
		18B484421D2E25A6001703C0 /* Homepage */ = {
			isa = PBXGroup;
			children = (
				18B484481D2E25FA001703C0 /* HomePageViewController.h */,
				18B484491D2E25FA001703C0 /* HomePageViewController.m */,
			);
			name = Homepage;
			sourceTree = "<group>";
		};
		18B484431D2E25AD001703C0 /* Goods */ = {
			isa = PBXGroup;
			children = (
				18B484BB1D2E40FC001703C0 /* View */,
				18B484BA1D2E40BE001703C0 /* Model */,
				18B4844B1D2E2603001703C0 /* GoodsViewController.h */,
				18B4844C1D2E2603001703C0 /* GoodsViewController.m */,
			);
			name = Goods;
			sourceTree = "<group>";
		};
		18B484441D2E25CC001703C0 /* Shops */ = {
			isa = PBXGroup;
			children = (
				18922B201D372FC500B82890 /* Model */,
				18922B1F1D372FB800B82890 /* View */,
				18B4844E1D2E260C001703C0 /* ShopsViewController.h */,
				18B4844F1D2E260C001703C0 /* ShopsViewController.m */,
				18922B241D372FEE00B82890 /* ShopsAllViewController.h */,
				18922B251D372FEE00B82890 /* ShopsAllViewController.m */,
			);
			name = Shops;
			sourceTree = "<group>";
		};
		18B484451D2E25D7001703C0 /* ShiyongBao */ = {
			isa = PBXGroup;
			children = (
				18B484511D2E2618001703C0 /* ShiYongBaoViewController.h */,
				18B484521D2E2618001703C0 /* ShiYongBaoViewController.m */,
			);
			name = ShiyongBao;
			sourceTree = "<group>";
		};
		18B484461D2E25DE001703C0 /* Cart */ = {
			isa = PBXGroup;
			children = (
				18B484541D2E2623001703C0 /* CartViewController.h */,
				18B484551D2E2623001703C0 /* CartViewController.m */,
			);
			name = Cart;
			sourceTree = "<group>";
		};
		18B484471D2E25E5001703C0 /* Me */ = {
			isa = PBXGroup;
			children = (
				181A662E1D34A54C00ABDE29 /* order */,
				D21EE7CF1D320DFC008AE0B7 /* me */,
				18730AAA1D2F68CC00A0BF35 /* message */,
				18730AA11D2F68B800A0BF35 /* UserInfoViewController.h */,
				18730AA21D2F68B800A0BF35 /* UserInfoViewController.m */,
				18730AA31D2F68B800A0BF35 /* IntroductionViewController.h */,
				18730AA41D2F68B800A0BF35 /* IntroductionViewController.m */,
				18730AA51D2F68B800A0BF35 /* GeneralTextFiledViewController.h */,
				18730AA61D2F68B800A0BF35 /* GeneralTextFiledViewController.m */,
				18730A951D2F68A300A0BF35 /* AccountViewController.h */,
				18730A961D2F68A300A0BF35 /* AccountViewController.m */,
				18730A971D2F68A300A0BF35 /* ContactUsViewController.h */,
				18730A981D2F68A300A0BF35 /* ContactUsViewController.m */,
				18730A991D2F68A300A0BF35 /* FeedBackViewController.h */,
				18730A9A1D2F68A300A0BF35 /* FeedBackViewController.m */,
				18730A9B1D2F68A300A0BF35 /* ChangePassWordViewController.h */,
				18730A9C1D2F68A300A0BF35 /* ChangePassWordViewController.m */,
				D21EE7DE1D3245CF008AE0B7 /* MyAttentionViewController.h */,
				D21EE7DF1D3245CF008AE0B7 /* MyAttentionViewController.m */,
			);
			name = Me;
			sourceTree = "<group>";
		};
		18B4845A1D2E2A1C001703C0 /* Userdefault */ = {
			isa = PBXGroup;
			children = (
				18B4845B1D2E2A2B001703C0 /* UserDefaultsUtils.h */,
				18B4845C1D2E2A2B001703C0 /* UserDefaultsUtils.m */,
			);
			name = Userdefault;
			sourceTree = "<group>";
		};
		18B4845E1D2E2A40001703C0 /* Exten */ = {
			isa = PBXGroup;
			children = (
				18B4845F1D2E2A5B001703C0 /* UIImage+Additional.h */,
				18B484601D2E2A5B001703C0 /* UIImage+Additional.m */,
				18B484611D2E2A5B001703C0 /* UIView+Additional.h */,
				18B484621D2E2A5B001703C0 /* UIView+Additional.m */,
				18B484631D2E2A5B001703C0 /* UILabel+Additional.h */,
				18B484641D2E2A5B001703C0 /* UILabel+Additional.m */,
				18B484651D2E2A5B001703C0 /* UIButton+Addtional.h */,
				18B484661D2E2A5B001703C0 /* UIButton+Addtional.m */,
				18B484671D2E2A5B001703C0 /* NSString+MD5.h */,
				18B484681D2E2A5B001703C0 /* NSString+MD5.m */,
				18B484691D2E2A5B001703C0 /* NSString+Validation.h */,
				18B4846A1D2E2A5B001703C0 /* NSString+Validation.m */,
				18B4846B1D2E2A5B001703C0 /* AnimateTools.h */,
				18B4846C1D2E2A5B001703C0 /* AnimateTools.m */,
				18B4846D1D2E2A5B001703C0 /* NSDate+Additions.h */,
				18B4846E1D2E2A5B001703C0 /* NSDate+Additions.m */,
				18B4846F1D2E2A5B001703C0 /* NSDate+Category.h */,
				18B484701D2E2A5B001703C0 /* NSDate+Category.m */,
				18B484711D2E2A5B001703C0 /* NSDate+TimeInterval.h */,
				18B484721D2E2A5B001703C0 /* NSDate+TimeInterval.m */,
				18B484731D2E2A5B001703C0 /* NSDateFormatter+Category.h */,
				18B484741D2E2A5B001703C0 /* NSDateFormatter+Category.m */,
				18B484751D2E2A5B001703C0 /* NSString+Additions.h */,
				18B484761D2E2A5B001703C0 /* NSString+Additions.m */,
				18B484771D2E2A5B001703C0 /* NSString+FontAwesome.h */,
				18B484781D2E2A5B001703C0 /* NSString+FontAwesome.m */,
				18B484791D2E2A5B001703C0 /* NSTimer+Addition.h */,
				18B4847A1D2E2A5B001703C0 /* NSTimer+Addition.m */,
				18B484951D2E2A5B001703C0 /* NSString+Binary.h */,
				18B484961D2E2A5B001703C0 /* NSString+Binary.m */,
			);
			name = Exten;
			sourceTree = "<group>";
		};
		18B484B31D2E2B2D001703C0 /* Helper */ = {
			isa = PBXGroup;
			children = (
				18B484B41D2E2B3B001703C0 /* BKHelper.h */,
				18B484B51D2E2B3B001703C0 /* BKHelper.m */,
			);
			name = Helper;
			sourceTree = "<group>";
		};
		18B484BA1D2E40BE001703C0 /* Model */ = {
			isa = PBXGroup;
			children = (
				18B484BC1D2E411A001703C0 /* brandModel.h */,
				18B484BD1D2E411A001703C0 /* brandModel.m */,
				18B484BE1D2E411A001703C0 /* good320Model.h */,
				18B484BF1D2E411A001703C0 /* good320Model.m */,
			);
			name = Model;
			sourceTree = "<group>";
		};
		18B484BB1D2E40FC001703C0 /* View */ = {
			isa = PBXGroup;
			children = (
				18B484C21D2E4122001703C0 /* BrandCell.h */,
				18B484C31D2E4122001703C0 /* BrandCell.m */,
				18B484C81D2E46CF001703C0 /* GoodsTableViewCell.h */,
				18B484C91D2E46CF001703C0 /* GoodsTableViewCell.m */,
			);
			name = View;
			sourceTree = "<group>";
		};
		18D34FA81D3397AA002CE8E0 /* Search */ = {
			isa = PBXGroup;
			children = (
				18D34FC71D33B3F4002CE8E0 /* Model */,
				18D34FBB1D339902002CE8E0 /* ChooseSearchTypeView.h */,
				18D34FBC1D339902002CE8E0 /* ChooseSearchTypeView.m */,
				18D34FBF1D339902002CE8E0 /* GoodsSearchResultViewController.h */,
				18D34FC01D339902002CE8E0 /* GoodsSearchResultViewController.m */,
				18D34FC11D339902002CE8E0 /* GoodsSearchTableViewCell.h */,
				18D34FC21D339902002CE8E0 /* GoodsSearchTableViewCell.m */,
				18D34FBA1D3398F4002CE8E0 /* SearchTextField.h */,
				18D34FA91D3398EC002CE8E0 /* SearchTextField.m */,
				18D34FAA1D3398EC002CE8E0 /* SearchViewController.h */,
				18D34FAB1D3398EC002CE8E0 /* SearchViewController.m */,
				18D34FAE1D3398EC002CE8E0 /* ShopSearchTableViewCell.h */,
				18D34FAF1D3398EC002CE8E0 /* ShopSearchTableViewCell.m */,
				18D34FB21D3398EC002CE8E0 /* ShopsSearchResultViewController.h */,
				18D34FB31D3398EC002CE8E0 /* ShopsSearchResultViewController.m */,
			);
			name = Search;
			sourceTree = "<group>";
		};
		18D34FC71D33B3F4002CE8E0 /* Model */ = {
			isa = PBXGroup;
			children = (
				18D34FB01D3398EC002CE8E0 /* ShopsSearchModel.h */,
				18D34FB11D3398EC002CE8E0 /* ShopsSearchModel.m */,
				18D34FBD1D339902002CE8E0 /* GoodsSearchModel.h */,
				18D34FBE1D339902002CE8E0 /* GoodsSearchModel.m */,
			);
			name = Model;
			sourceTree = "<group>";
		};
		D21EE7CF1D320DFC008AE0B7 /* me */ = {
			isa = PBXGroup;
			children = (
				18B484571D2E262D001703C0 /* MeViewController.h */,
				18B484581D2E262D001703C0 /* MeViewController.m */,
				D21EE7D01D320E56008AE0B7 /* MeHeaderLoginView.h */,
				D21EE7D11D320E56008AE0B7 /* MeHeaderLoginView.m */,
				D21EE7D31D320E6C008AE0B7 /* MeHeaderLogoutView.h */,
				D21EE7D41D320E6C008AE0B7 /* MeHeaderLogoutView.m */,
			);
			name = me;
			sourceTree = "<group>";
		};
		D21EE7D61D3220BE008AE0B7 /* webview */ = {
			isa = PBXGroup;
			children = (
				D21EE7D71D322278008AE0B7 /* SybWebViewController.h */,
				D21EE7D81D322278008AE0B7 /* SybWebViewController.m */,
			);
			name = webview;
			sourceTree = "<group>";
		};
		D60C8D3E7E519D1558169935 /* Frameworks */ = {
			isa = PBXGroup;
			children = (
				98E430D4CE5EF0097D81D5B5 /* libPods.a */,
			);
			name = Frameworks;
			sourceTree = "<group>";
		};
		D87A87834FE6380958B4AD99 /* Pods */ = {
			isa = PBXGroup;
			children = (
				90E6FDA71758E42E1FD0D6B8 /* Pods.debug.xcconfig */,
				D7C3699B88F3AE309E260902 /* Pods.release.xcconfig */,
			);
			name = Pods;
			sourceTree = "<group>";
		};
		F259B66B1D37A088000410B3 /* Tools */ = {
			isa = PBXGroup;
			children = (
				F259B66C1D37A088000410B3 /* UIView+Extension.h */,
				F259B66D1D37A088000410B3 /* UIView+Extension.m */,
			);
			path = Tools;
			sourceTree = "<group>";
		};
		F259B66F1D37DCB2000410B3 /* MyIntegration */ = {
			isa = PBXGroup;
			children = (
				F259B6751D37DD6C000410B3 /* Model */,
				F259B6761D37DD6C000410B3 /* View */,
				F259B6771D37DD6C000410B3 /* ViewController */,
			);
			path = MyIntegration;
			sourceTree = "<group>";
		};
		F259B6751D37DD6C000410B3 /* Model */ = {
			isa = PBXGroup;
			children = (
				F259B6871D37E5B2000410B3 /* BalanceOfPaymentModel.h */,
				F259B6881D37E5B2000410B3 /* BalanceOfPaymentModel.m */,
			);
			path = Model;
			sourceTree = "<group>";
		};
		F259B6761D37DD6C000410B3 /* View */ = {
			isa = PBXGroup;
			children = (
				F259B6821D37E592000410B3 /* BalanceOfPaymentTableViewCell.h */,
				F259B6831D37E592000410B3 /* BalanceOfPaymentTableViewCell.m */,
				F259B6841D37E592000410B3 /* BalanceOfPaymentTableViewCell.xib */,
			);
			path = View;
			sourceTree = "<group>";
		};
		F259B6771D37DD6C000410B3 /* ViewController */ = {
			isa = PBXGroup;
			children = (
				F259B6781D37DD6C000410B3 /* MyIntegralViewController.h */,
				F259B6791D37DD6C000410B3 /* MyIntegralViewController.m */,
				F259B67A1D37DD6C000410B3 /* MyIntegralViewController.xib */,
				F259B67D1D37E1BE000410B3 /* BalanceOfPaymentsViewController.h */,
				F259B67E1D37E1BE000410B3 /* BalanceOfPaymentsViewController.m */,
				F259B67F1D37E1BE000410B3 /* BalanceOfPaymentsViewController.xib */,
				F259B68A1D37ED39000410B3 /* CashingViewController.h */,
				F259B68B1D37ED39000410B3 /* CashingViewController.m */,
				F259B68C1D37ED39000410B3 /* CashingViewController.xib */,
				F259B6921D380BC2000410B3 /* AddAccountViewController.h */,
				F259B6931D380BC2000410B3 /* AddAccountViewController.m */,
				F259B6941D380BC2000410B3 /* AddAccountViewController.xib */,
			);
			path = ViewController;
			sourceTree = "<group>";
		};
/* End PBXGroup section */

/* Begin PBXNativeTarget section */
		18B483DD1D2E19C7001703C0 /* syb */ = {
			isa = PBXNativeTarget;
			buildConfigurationList = 18B4840B1D2E19C7001703C0 /* Build configuration list for PBXNativeTarget "syb" */;
			buildPhases = (
				C9CE12D3B85D610632C11685 /* Check Pods Manifest.lock */,
				18B483DA1D2E19C7001703C0 /* Sources */,
				18B483DB1D2E19C7001703C0 /* Frameworks */,
				18B483DC1D2E19C7001703C0 /* Resources */,
				CA85CDE064B5E688A140A4B5 /* Embed Pods Frameworks */,
				40A418347D89F530C3BD0717 /* Copy Pods Resources */,
			);
			buildRules = (
			);
			dependencies = (
			);
			name = syb;
			productName = syb;
			productReference = 18B483DE1D2E19C7001703C0 /* syb.app */;
			productType = "com.apple.product-type.application";
		};
		18B483F61D2E19C7001703C0 /* sybTests */ = {
			isa = PBXNativeTarget;
			buildConfigurationList = 18B4840E1D2E19C7001703C0 /* Build configuration list for PBXNativeTarget "sybTests" */;
			buildPhases = (
				18B483F31D2E19C7001703C0 /* Sources */,
				18B483F41D2E19C7001703C0 /* Frameworks */,
				18B483F51D2E19C7001703C0 /* Resources */,
			);
			buildRules = (
			);
			dependencies = (
				18B483F91D2E19C7001703C0 /* PBXTargetDependency */,
			);
			name = sybTests;
			productName = sybTests;
			productReference = 18B483F71D2E19C7001703C0 /* sybTests.xctest */;
			productType = "com.apple.product-type.bundle.unit-test";
		};
		18B484011D2E19C7001703C0 /* sybUITests */ = {
			isa = PBXNativeTarget;
			buildConfigurationList = 18B484111D2E19C7001703C0 /* Build configuration list for PBXNativeTarget "sybUITests" */;
			buildPhases = (
				18B483FE1D2E19C7001703C0 /* Sources */,
				18B483FF1D2E19C7001703C0 /* Frameworks */,
				18B484001D2E19C7001703C0 /* Resources */,
			);
			buildRules = (
			);
			dependencies = (
				18B484041D2E19C7001703C0 /* PBXTargetDependency */,
			);
			name = sybUITests;
			productName = sybUITests;
			productReference = 18B484021D2E19C7001703C0 /* sybUITests.xctest */;
			productType = "com.apple.product-type.bundle.ui-testing";
		};
/* End PBXNativeTarget section */

/* Begin PBXProject section */
		18B483D61D2E19C7001703C0 /* Project object */ = {
			isa = PBXProject;
			attributes = {
				LastUpgradeCheck = 0730;
				ORGANIZATIONNAME = spyg;
				TargetAttributes = {
					18B483DD1D2E19C7001703C0 = {
						CreatedOnToolsVersion = 7.3.1;
					};
					18B483F61D2E19C7001703C0 = {
						CreatedOnToolsVersion = 7.3.1;
						TestTargetID = 18B483DD1D2E19C7001703C0;
					};
					18B484011D2E19C7001703C0 = {
						CreatedOnToolsVersion = 7.3.1;
						TestTargetID = 18B483DD1D2E19C7001703C0;
					};
				};
			};
			buildConfigurationList = 18B483D91D2E19C7001703C0 /* Build configuration list for PBXProject "syb" */;
			compatibilityVersion = "Xcode 3.2";
			developmentRegion = English;
			hasScannedForEncodings = 0;
			knownRegions = (
				en,
				Base,
			);
			mainGroup = 18B483D51D2E19C7001703C0;
			productRefGroup = 18B483DF1D2E19C7001703C0 /* Products */;
			projectDirPath = "";
			projectRoot = "";
			targets = (
				18B483DD1D2E19C7001703C0 /* syb */,
				18B483F61D2E19C7001703C0 /* sybTests */,
				18B484011D2E19C7001703C0 /* sybUITests */,
			);
		};
/* End PBXProject section */

/* Begin PBXResourcesBuildPhase section */
		18B483DC1D2E19C7001703C0 /* Resources */ = {
			isa = PBXResourcesBuildPhase;
			buildActionMask = 2147483647;
			files = (
				F259B6861D37E592000410B3 /* BalanceOfPaymentTableViewCell.xib in Resources */,
				18B483F11D2E19C7001703C0 /* LaunchScreen.storyboard in Resources */,
				F259B67C1D37DD6C000410B3 /* MyIntegralViewController.xib in Resources */,
				18B483EE1D2E19C7001703C0 /* Assets.xcassets in Resources */,
				F259B6961D380BC2000410B3 /* AddAccountViewController.xib in Resources */,
				18B484251D2E2183001703C0 /* Podfile in Resources */,
				18B483EC1D2E19C7001703C0 /* Main.storyboard in Resources */,
				F259B68E1D37ED39000410B3 /* CashingViewController.xib in Resources */,
				F259B6811D37E1BE000410B3 /* BalanceOfPaymentsViewController.xib in Resources */,
			);
			runOnlyForDeploymentPostprocessing = 0;
		};
		18B483F51D2E19C7001703C0 /* Resources */ = {
			isa = PBXResourcesBuildPhase;
			buildActionMask = 2147483647;
			files = (
			);
			runOnlyForDeploymentPostprocessing = 0;
		};
		18B484001D2E19C7001703C0 /* Resources */ = {
			isa = PBXResourcesBuildPhase;
			buildActionMask = 2147483647;
			files = (
			);
			runOnlyForDeploymentPostprocessing = 0;
		};
/* End PBXResourcesBuildPhase section */

/* Begin PBXShellScriptBuildPhase section */
		40A418347D89F530C3BD0717 /* Copy Pods Resources */ = {
			isa = PBXShellScriptBuildPhase;
			buildActionMask = 2147483647;
			files = (
			);
			inputPaths = (
			);
			name = "Copy Pods Resources";
			outputPaths = (
			);
			runOnlyForDeploymentPostprocessing = 0;
			shellPath = /bin/sh;
			shellScript = "\"${SRCROOT}/Pods/Target Support Files/Pods/Pods-resources.sh\"\n";
			showEnvVarsInLog = 0;
		};
		C9CE12D3B85D610632C11685 /* Check Pods Manifest.lock */ = {
			isa = PBXShellScriptBuildPhase;
			buildActionMask = 2147483647;
			files = (
			);
			inputPaths = (
			);
			name = "Check Pods Manifest.lock";
			outputPaths = (
			);
			runOnlyForDeploymentPostprocessing = 0;
			shellPath = /bin/sh;
			shellScript = "diff \"${PODS_ROOT}/../Podfile.lock\" \"${PODS_ROOT}/Manifest.lock\" > /dev/null\nif [[ $? != 0 ]] ; then\n    cat << EOM\nerror: The sandbox is not in sync with the Podfile.lock. Run 'pod install' or update your CocoaPods installation.\nEOM\n    exit 1\nfi\n";
			showEnvVarsInLog = 0;
		};
		CA85CDE064B5E688A140A4B5 /* Embed Pods Frameworks */ = {
			isa = PBXShellScriptBuildPhase;
			buildActionMask = 2147483647;
			files = (
			);
			inputPaths = (
			);
			name = "Embed Pods Frameworks";
			outputPaths = (
			);
			runOnlyForDeploymentPostprocessing = 0;
			shellPath = /bin/sh;
			shellScript = "\"${SRCROOT}/Pods/Target Support Files/Pods/Pods-frameworks.sh\"\n";
			showEnvVarsInLog = 0;
		};
/* End PBXShellScriptBuildPhase section */

/* Begin PBXSourcesBuildPhase section */
		18B483DA1D2E19C7001703C0 /* Sources */ = {
			isa = PBXSourcesBuildPhase;
			buildActionMask = 2147483647;
			files = (
				18D34FC51D339902002CE8E0 /* GoodsSearchResultViewController.m in Sources */,
				18730A9F1D2F68A300A0BF35 /* FeedBackViewController.m in Sources */,
				F259B6851D37E592000410B3 /* BalanceOfPaymentTableViewCell.m in Sources */,
				18B484C11D2E411A001703C0 /* good320Model.m in Sources */,
				18B484591D2E262D001703C0 /* MeViewController.m in Sources */,
				18B483E91D2E19C7001703C0 /* ViewController.m in Sources */,
				181A66371D34AF5800ABDE29 /* OrderGoodsCell.m in Sources */,
				18922B1E1D372FB300B82890 /* ShopsTitle.m in Sources */,
				18730A881D2F685700A0BF35 /* VerificationViewController.m in Sources */,
				18B484321D2E247F001703C0 /* BaseViewController.m in Sources */,
				18B484991D2E2A5B001703C0 /* UILabel+Additional.m in Sources */,
				F259B6891D37E5B2000410B3 /* BalanceOfPaymentModel.m in Sources */,
				D21EE7E01D3245CF008AE0B7 /* MyAttentionViewController.m in Sources */,
				18B484C01D2E411A001703C0 /* brandModel.m in Sources */,
				18D34FB81D3398EC002CE8E0 /* ShopsSearchModel.m in Sources */,
				181A663D1D35015100ABDE29 /* OrderDetailViewController.m in Sources */,
				18B484CA1D2E46CF001703C0 /* GoodsTableViewCell.m in Sources */,
				18D34FB71D3398EC002CE8E0 /* ShopSearchTableViewCell.m in Sources */,
				18B4841D1D2E1DF1001703C0 /* OpenUDID.m in Sources */,
				18B484B91D2E324A001703C0 /* SybSession.m in Sources */,
				18B484371D2E24A7001703C0 /* BKNodataView.m in Sources */,
				18D34FC31D339902002CE8E0 /* ChooseSearchTypeView.m in Sources */,
				18730AB01D2F68E000A0BF35 /* MessageTableViewCell.m in Sources */,
				18B484401D2E24C2001703C0 /* BaseTabBarController.m in Sources */,
				18B484A11D2E2A5B001703C0 /* NSDateFormatter+Category.m in Sources */,
				D21EE7D51D320E6C008AE0B7 /* MeHeaderLogoutView.m in Sources */,
				18D34FB91D3398EC002CE8E0 /* ShopsSearchResultViewController.m in Sources */,
				18B4845D1D2E2A2B001703C0 /* UserDefaultsUtils.m in Sources */,
				18B4843A1D2E24AD001703C0 /* BKNoNetView.m in Sources */,
				18B4849A1D2E2A5B001703C0 /* UIButton+Addtional.m in Sources */,
				18B4844A1D2E25FA001703C0 /* HomePageViewController.m in Sources */,
				18B484A21D2E2A5B001703C0 /* NSString+Additions.m in Sources */,
				18D34FB51D3398EC002CE8E0 /* SearchViewController.m in Sources */,
				18730A941D2F688900A0BF35 /* MyMessageViewController.m in Sources */,
				18730AA71D2F68B800A0BF35 /* UserInfoViewController.m in Sources */,
				18D34FC61D339902002CE8E0 /* GoodsSearchTableViewCell.m in Sources */,
				18B484A01D2E2A5B001703C0 /* NSDate+TimeInterval.m in Sources */,
				18B484531D2E2618001703C0 /* ShiYongBaoViewController.m in Sources */,
				18730A811D2F684900A0BF35 /* LoginViewController.m in Sources */,
				18B4843F1D2E24C2001703C0 /* BKTabBarItem.m in Sources */,
				D21EE7D91D322278008AE0B7 /* SybWebViewController.m in Sources */,
				18B484B21D2E2A5B001703C0 /* NSString+Binary.m in Sources */,
				18B4849D1D2E2A5B001703C0 /* AnimateTools.m in Sources */,
				18B484281D2E2307001703C0 /* GXHttpRequest.m in Sources */,
				18B484971D2E2A5B001703C0 /* UIImage+Additional.m in Sources */,
				18730A871D2F685700A0BF35 /* RegisterViewController.m in Sources */,
				18B4849F1D2E2A5B001703C0 /* NSDate+Category.m in Sources */,
				18B4849C1D2E2A5B001703C0 /* NSString+Validation.m in Sources */,
				F259B66E1D37A088000410B3 /* UIView+Extension.m in Sources */,
				18B484C61D2E4122001703C0 /* BrandCell.m in Sources */,
				18730AB61D2F691A00A0BF35 /* Config.m in Sources */,
				18922B261D372FEE00B82890 /* ShopsAllViewController.m in Sources */,
				18B484231D2E1E24001703C0 /* HDHud.m in Sources */,
				18730A9D1D2F68A300A0BF35 /* AccountViewController.m in Sources */,
				18922B231D372FCF00B82890 /* ShopsModel.m in Sources */,
				18922B291D37311900B82890 /* AppDelegate+Request.m in Sources */,
				18B4849E1D2E2A5B001703C0 /* NSDate+Additions.m in Sources */,
				181A663A1D34B6C500ABDE29 /* OrderItem.m in Sources */,
				F259B68D1D37ED39000410B3 /* CashingViewController.m in Sources */,
				181A66401D3502F300ABDE29 /* OrderDetailCell.m in Sources */,
				18B484501D2E260C001703C0 /* ShopsViewController.m in Sources */,
				18730AA91D2F68B800A0BF35 /* GeneralTextFiledViewController.m in Sources */,
				18B484B61D2E2B3B001703C0 /* BKHelper.m in Sources */,
				18B4842D1D2E2404001703C0 /* BaseCell.m in Sources */,
				D21EE7D21D320E56008AE0B7 /* MeHeaderLoginView.m in Sources */,
				18B4849B1D2E2A5B001703C0 /* NSString+MD5.m in Sources */,
				18B4844D1D2E2603001703C0 /* GoodsViewController.m in Sources */,
				F259B67B1D37DD6C000410B3 /* MyIntegralViewController.m in Sources */,
				18730A9E1D2F68A300A0BF35 /* ContactUsViewController.m in Sources */,
				18730A8F1D2F686500A0BF35 /* VerifyViewController.m in Sources */,
				18B484A41D2E2A5B001703C0 /* NSTimer+Addition.m in Sources */,
				18730AA81D2F68B800A0BF35 /* IntroductionViewController.m in Sources */,
				181A66311D34A58500ABDE29 /* OrderModel.m in Sources */,
				D21EE7DD1D3225E7008AE0B7 /* MyOrderViewController.m in Sources */,
				18730ABF1D2F6CD900A0BF35 /* PooCodeView.m in Sources */,
				18730AA01D2F68A300A0BF35 /* ChangePassWordViewController.m in Sources */,
				18922B1D1D372FB300B82890 /* ShopsCell.m in Sources */,
				18730AAD1D2F68D900A0BF35 /* MessageModel.m in Sources */,
				F259B6951D380BC2000410B3 /* AddAccountViewController.m in Sources */,
				18B484561D2E2623001703C0 /* CartViewController.m in Sources */,
				18B484A31D2E2A5B001703C0 /* NSString+FontAwesome.m in Sources */,
				181A66341D34A59700ABDE29 /* OrderCell.m in Sources */,
				18B483E61D2E19C7001703C0 /* AppDelegate.m in Sources */,
				18D34FB41D3398EC002CE8E0 /* SearchTextField.m in Sources */,
				18D34FC41D339902002CE8E0 /* GoodsSearchModel.m in Sources */,
				F259B6801D37E1BE000410B3 /* BalanceOfPaymentsViewController.m in Sources */,
				18730AB51D2F691A00A0BF35 /* SingleManage.m in Sources */,
				18293A041D339223003ACD40 /* AppDelegate+KeyboardManager.m in Sources */,
				18730ABC1D2F69AE00A0BF35 /* TimeTool.m in Sources */,
				18B484981D2E2A5B001703C0 /* UIView+Additional.m in Sources */,
				18730A8E1D2F686500A0BF35 /* ForgetPasswordViewController.m in Sources */,
				18730AB91D2F694600A0BF35 /* CustomTextField.m in Sources */,
				18B483E31D2E19C7001703C0 /* main.m in Sources */,
			);
			runOnlyForDeploymentPostprocessing = 0;
		};
		18B483F31D2E19C7001703C0 /* Sources */ = {
			isa = PBXSourcesBuildPhase;
			buildActionMask = 2147483647;
			files = (
				18B483FC1D2E19C7001703C0 /* sybTests.m in Sources */,
			);
			runOnlyForDeploymentPostprocessing = 0;
		};
		18B483FE1D2E19C7001703C0 /* Sources */ = {
			isa = PBXSourcesBuildPhase;
			buildActionMask = 2147483647;
			files = (
				18B484071D2E19C7001703C0 /* sybUITests.m in Sources */,
			);
			runOnlyForDeploymentPostprocessing = 0;
		};
/* End PBXSourcesBuildPhase section */

/* Begin PBXTargetDependency section */
		18B483F91D2E19C7001703C0 /* PBXTargetDependency */ = {
			isa = PBXTargetDependency;
			target = 18B483DD1D2E19C7001703C0 /* syb */;
			targetProxy = 18B483F81D2E19C7001703C0 /* PBXContainerItemProxy */;
		};
		18B484041D2E19C7001703C0 /* PBXTargetDependency */ = {
			isa = PBXTargetDependency;
			target = 18B483DD1D2E19C7001703C0 /* syb */;
			targetProxy = 18B484031D2E19C7001703C0 /* PBXContainerItemProxy */;
		};
/* End PBXTargetDependency section */

/* Begin PBXVariantGroup section */
		18B483EA1D2E19C7001703C0 /* Main.storyboard */ = {
			isa = PBXVariantGroup;
			children = (
				18B483EB1D2E19C7001703C0 /* Base */,
			);
			name = Main.storyboard;
			sourceTree = "<group>";
		};
		18B483EF1D2E19C7001703C0 /* LaunchScreen.storyboard */ = {
			isa = PBXVariantGroup;
			children = (
				18B483F01D2E19C7001703C0 /* Base */,
			);
			name = LaunchScreen.storyboard;
			sourceTree = "<group>";
		};
/* End PBXVariantGroup section */

/* Begin XCBuildConfiguration section */
		18B484091D2E19C7001703C0 /* Debug */ = {
			isa = XCBuildConfiguration;
			buildSettings = {
				ALWAYS_SEARCH_USER_PATHS = NO;
				CLANG_ANALYZER_NONNULL = YES;
				CLANG_CXX_LANGUAGE_STANDARD = "gnu++0x";
				CLANG_CXX_LIBRARY = "libc++";
				CLANG_ENABLE_MODULES = YES;
				CLANG_ENABLE_OBJC_ARC = YES;
				CLANG_WARN_BOOL_CONVERSION = YES;
				CLANG_WARN_CONSTANT_CONVERSION = YES;
				CLANG_WARN_DIRECT_OBJC_ISA_USAGE = YES_ERROR;
				CLANG_WARN_EMPTY_BODY = YES;
				CLANG_WARN_ENUM_CONVERSION = YES;
				CLANG_WARN_INT_CONVERSION = YES;
				CLANG_WARN_OBJC_ROOT_CLASS = YES_ERROR;
				CLANG_WARN_UNREACHABLE_CODE = YES;
				CLANG_WARN__DUPLICATE_METHOD_MATCH = YES;
				"CODE_SIGN_IDENTITY[sdk=iphoneos*]" = "iPhone Developer";
				COPY_PHASE_STRIP = NO;
				DEBUG_INFORMATION_FORMAT = dwarf;
				ENABLE_STRICT_OBJC_MSGSEND = YES;
				ENABLE_TESTABILITY = YES;
				GCC_C_LANGUAGE_STANDARD = gnu99;
				GCC_DYNAMIC_NO_PIC = NO;
				GCC_NO_COMMON_BLOCKS = YES;
				GCC_OPTIMIZATION_LEVEL = 0;
				GCC_PREPROCESSOR_DEFINITIONS = (
					"DEBUG=1",
					"$(inherited)",
				);
				GCC_WARN_64_TO_32_BIT_CONVERSION = YES;
				GCC_WARN_ABOUT_RETURN_TYPE = YES_ERROR;
				GCC_WARN_UNDECLARED_SELECTOR = YES;
				GCC_WARN_UNINITIALIZED_AUTOS = YES_AGGRESSIVE;
				GCC_WARN_UNUSED_FUNCTION = YES;
				GCC_WARN_UNUSED_VARIABLE = YES;
				IPHONEOS_DEPLOYMENT_TARGET = 9.3;
				MTL_ENABLE_DEBUG_INFO = YES;
				ONLY_ACTIVE_ARCH = YES;
				SDKROOT = iphoneos;
				TARGETED_DEVICE_FAMILY = "1,2";
			};
			name = Debug;
		};
		18B4840A1D2E19C7001703C0 /* Release */ = {
			isa = XCBuildConfiguration;
			buildSettings = {
				ALWAYS_SEARCH_USER_PATHS = NO;
				CLANG_ANALYZER_NONNULL = YES;
				CLANG_CXX_LANGUAGE_STANDARD = "gnu++0x";
				CLANG_CXX_LIBRARY = "libc++";
				CLANG_ENABLE_MODULES = YES;
				CLANG_ENABLE_OBJC_ARC = YES;
				CLANG_WARN_BOOL_CONVERSION = YES;
				CLANG_WARN_CONSTANT_CONVERSION = YES;
				CLANG_WARN_DIRECT_OBJC_ISA_USAGE = YES_ERROR;
				CLANG_WARN_EMPTY_BODY = YES;
				CLANG_WARN_ENUM_CONVERSION = YES;
				CLANG_WARN_INT_CONVERSION = YES;
				CLANG_WARN_OBJC_ROOT_CLASS = YES_ERROR;
				CLANG_WARN_UNREACHABLE_CODE = YES;
				CLANG_WARN__DUPLICATE_METHOD_MATCH = YES;
				"CODE_SIGN_IDENTITY[sdk=iphoneos*]" = "iPhone Developer";
				COPY_PHASE_STRIP = NO;
				DEBUG_INFORMATION_FORMAT = "dwarf-with-dsym";
				ENABLE_NS_ASSERTIONS = NO;
				ENABLE_STRICT_OBJC_MSGSEND = YES;
				GCC_C_LANGUAGE_STANDARD = gnu99;
				GCC_NO_COMMON_BLOCKS = YES;
				GCC_WARN_64_TO_32_BIT_CONVERSION = YES;
				GCC_WARN_ABOUT_RETURN_TYPE = YES_ERROR;
				GCC_WARN_UNDECLARED_SELECTOR = YES;
				GCC_WARN_UNINITIALIZED_AUTOS = YES_AGGRESSIVE;
				GCC_WARN_UNUSED_FUNCTION = YES;
				GCC_WARN_UNUSED_VARIABLE = YES;
				IPHONEOS_DEPLOYMENT_TARGET = 9.3;
				MTL_ENABLE_DEBUG_INFO = NO;
				SDKROOT = iphoneos;
				TARGETED_DEVICE_FAMILY = "1,2";
				VALIDATE_PRODUCT = YES;
			};
			name = Release;
		};
		18B4840C1D2E19C7001703C0 /* Debug */ = {
			isa = XCBuildConfiguration;
			baseConfigurationReference = 90E6FDA71758E42E1FD0D6B8 /* Pods.debug.xcconfig */;
			buildSettings = {
				ASSETCATALOG_COMPILER_APPICON_NAME = AppIcon;
				CODE_SIGN_IDENTITY = "iPhone Developer: GUORUI LI (46A5JYLEF2)";
				"CODE_SIGN_IDENTITY[sdk=iphoneos*]" = "iPhone Developer: GUORUI LI (46A5JYLEF2)";
				GCC_PRECOMPILE_PREFIX_HEADER = YES;
				GCC_PREFIX_HEADER = "$(SRCROOT)/syb/syb-Prefix.pch";
				INFOPLIST_FILE = syb/Info.plist;
				IPHONEOS_DEPLOYMENT_TARGET = 8.0;
				LD_RUNPATH_SEARCH_PATHS = "$(inherited) @executable_path/Frameworks";
				PRODUCT_BUNDLE_IDENTIFIER = com.duia.zhengquancongyesshx;
				PRODUCT_NAME = "$(TARGET_NAME)";
				PROVISIONING_PROFILE = "";
				TARGETED_DEVICE_FAMILY = 1;
			};
			name = Debug;
		};
		18B4840D1D2E19C7001703C0 /* Release */ = {
			isa = XCBuildConfiguration;
			baseConfigurationReference = D7C3699B88F3AE309E260902 /* Pods.release.xcconfig */;
			buildSettings = {
				ASSETCATALOG_COMPILER_APPICON_NAME = AppIcon;
				CODE_SIGN_IDENTITY = "iPhone Developer: GUORUI LI (46A5JYLEF2)";
				"CODE_SIGN_IDENTITY[sdk=iphoneos*]" = "iPhone Developer: GUORUI LI (46A5JYLEF2)";
				GCC_PRECOMPILE_PREFIX_HEADER = YES;
				GCC_PREFIX_HEADER = "$(SRCROOT)/syb/syb-Prefix.pch";
				INFOPLIST_FILE = syb/Info.plist;
				IPHONEOS_DEPLOYMENT_TARGET = 8.0;
				LD_RUNPATH_SEARCH_PATHS = "$(inherited) @executable_path/Frameworks";
				PRODUCT_BUNDLE_IDENTIFIER = com.duia.zhengquancongyesshx;
				PRODUCT_NAME = "$(TARGET_NAME)";
				PROVISIONING_PROFILE = "";
				TARGETED_DEVICE_FAMILY = 1;
			};
			name = Release;
		};
		18B4840F1D2E19C7001703C0 /* Debug */ = {
			isa = XCBuildConfiguration;
			buildSettings = {
				BUNDLE_LOADER = "$(TEST_HOST)";
				INFOPLIST_FILE = sybTests/Info.plist;
				LD_RUNPATH_SEARCH_PATHS = "$(inherited) @executable_path/Frameworks @loader_path/Frameworks";
				PRODUCT_BUNDLE_IDENTIFIER = spyg.sybTests;
				PRODUCT_NAME = "$(TARGET_NAME)";
				TEST_HOST = "$(BUILT_PRODUCTS_DIR)/syb.app/syb";
			};
			name = Debug;
		};
		18B484101D2E19C7001703C0 /* Release */ = {
			isa = XCBuildConfiguration;
			buildSettings = {
				BUNDLE_LOADER = "$(TEST_HOST)";
				INFOPLIST_FILE = sybTests/Info.plist;
				LD_RUNPATH_SEARCH_PATHS = "$(inherited) @executable_path/Frameworks @loader_path/Frameworks";
				PRODUCT_BUNDLE_IDENTIFIER = spyg.sybTests;
				PRODUCT_NAME = "$(TARGET_NAME)";
				TEST_HOST = "$(BUILT_PRODUCTS_DIR)/syb.app/syb";
			};
			name = Release;
		};
		18B484121D2E19C7001703C0 /* Debug */ = {
			isa = XCBuildConfiguration;
			buildSettings = {
				INFOPLIST_FILE = sybUITests/Info.plist;
				LD_RUNPATH_SEARCH_PATHS = "$(inherited) @executable_path/Frameworks @loader_path/Frameworks";
				PRODUCT_BUNDLE_IDENTIFIER = spyg.sybUITests;
				PRODUCT_NAME = "$(TARGET_NAME)";
				TEST_TARGET_NAME = syb;
			};
			name = Debug;
		};
		18B484131D2E19C7001703C0 /* Release */ = {
			isa = XCBuildConfiguration;
			buildSettings = {
				INFOPLIST_FILE = sybUITests/Info.plist;
				LD_RUNPATH_SEARCH_PATHS = "$(inherited) @executable_path/Frameworks @loader_path/Frameworks";
				PRODUCT_BUNDLE_IDENTIFIER = spyg.sybUITests;
				PRODUCT_NAME = "$(TARGET_NAME)";
				TEST_TARGET_NAME = syb;
			};
			name = Release;
		};
/* End XCBuildConfiguration section */

/* Begin XCConfigurationList section */
		18B483D91D2E19C7001703C0 /* Build configuration list for PBXProject "syb" */ = {
			isa = XCConfigurationList;
			buildConfigurations = (
				18B484091D2E19C7001703C0 /* Debug */,
				18B4840A1D2E19C7001703C0 /* Release */,
			);
			defaultConfigurationIsVisible = 0;
			defaultConfigurationName = Release;
		};
		18B4840B1D2E19C7001703C0 /* Build configuration list for PBXNativeTarget "syb" */ = {
			isa = XCConfigurationList;
			buildConfigurations = (
				18B4840C1D2E19C7001703C0 /* Debug */,
				18B4840D1D2E19C7001703C0 /* Release */,
			);
			defaultConfigurationIsVisible = 0;
			defaultConfigurationName = Release;
		};
		18B4840E1D2E19C7001703C0 /* Build configuration list for PBXNativeTarget "sybTests" */ = {
			isa = XCConfigurationList;
			buildConfigurations = (
				18B4840F1D2E19C7001703C0 /* Debug */,
				18B484101D2E19C7001703C0 /* Release */,
			);
			defaultConfigurationIsVisible = 0;
			defaultConfigurationName = Release;
		};
		18B484111D2E19C7001703C0 /* Build configuration list for PBXNativeTarget "sybUITests" */ = {
			isa = XCConfigurationList;
			buildConfigurations = (
				18B484121D2E19C7001703C0 /* Debug */,
				18B484131D2E19C7001703C0 /* Release */,
			);
			defaultConfigurationIsVisible = 0;
			defaultConfigurationName = Release;
		};
/* End XCConfigurationList section */
	};
	rootObject = 18B483D61D2E19C7001703C0 /* Project object */;
}
